{"format_version":"1.0","provider_schemas":{"registry.terraform.io/joekky/proxmox":{"provider":{"version":0,"block":{"attributes":{"api_token":{"type":"string","description":"The API token for the Proxmox VE API.","description_kind":"plain","optional":true,"sensitive":true},"auth_ticket":{"type":"string","description":"The pre-authenticated Ticket for the Proxmox VE API.","description_kind":"plain","optional":true,"sensitive":true},"csrf_prevention_token":{"type":"string","description":"The pre-authenticated CSRF Prevention Token for the Proxmox VE API.","description_kind":"plain","optional":true,"sensitive":true},"endpoint":{"type":"string","description":"The endpoint for the Proxmox VE API.","description_kind":"plain","optional":true},"insecure":{"type":"bool","description":"Whether to skip the TLS verification step.","description_kind":"plain","optional":true},"min_tls":{"type":"string","description":"The minimum required TLS version for API calls.Supported values: `1.0|1.1|1.2|1.3`. Defaults to `1.3`.","description_kind":"plain","optional":true},"otp":{"type":"string","description":"The one-time password for the Proxmox VE API.","description_kind":"plain","deprecated":true,"optional":true},"password":{"type":"string","description":"The password for the Proxmox VE API.","description_kind":"plain","optional":true,"sensitive":true},"random_vm_id_end":{"type":"number","description":"The ending number for random VM / Container IDs.","description_kind":"plain","optional":true},"random_vm_id_start":{"type":"number","description":"The starting number for random VM / Container IDs.","description_kind":"plain","optional":true},"random_vm_ids":{"type":"bool","description":"Whether to generate random VM / Container IDs.","description_kind":"plain","optional":true},"tmp_dir":{"type":"string","description":"The alternative temporary directory.","description_kind":"plain","optional":true},"username":{"type":"string","description":"The username for the Proxmox VE API.","description_kind":"plain","optional":true}},"block_types":{"ssh":{"nesting_mode":"list","block":{"attributes":{"agent":{"type":"bool","description":"Whether to use the SSH agent for authentication. Takes precedence over the `private_key` and `password` fields. Defaults to the value of the `PROXMOX_VE_SSH_AGENT` environment variable, or `false` if not set.","description_kind":"plain","optional":true},"agent_socket":{"type":"string","description":"The path to the SSH agent socket. Defaults to the value of the `SSH_AUTH_SOCK` environment variable.","description_kind":"plain","optional":true},"password":{"type":"string","description":"The password used for the SSH connection. Defaults to the value of the `password` field of the `provider` block.","description_kind":"plain","optional":true,"sensitive":true},"private_key":{"type":"string","description":"The unencrypted private key (in PEM format) used for the SSH connection. Defaults to the value of the `PROXMOX_VE_SSH_PRIVATE_KEY` environment variable.","description_kind":"plain","optional":true,"sensitive":true},"socks5_password":{"type":"string","description":"The password for the SOCKS5 proxy server. Defaults to the value of the `PROXMOX_VE_SSH_SOCKS5_PASSWORD` environment variable.","description_kind":"plain","optional":true,"sensitive":true},"socks5_server":{"type":"string","description":"The address:port of the SOCKS5 proxy server. Defaults to the value of the `PROXMOX_VE_SSH_SOCKS5_SERVER` environment variable.","description_kind":"plain","optional":true},"socks5_username":{"type":"string","description":"The username for the SOCKS5 proxy server. Defaults to the value of the `PROXMOX_VE_SSH_SOCKS5_USERNAME` environment variable.","description_kind":"plain","optional":true},"username":{"type":"string","description":"The username used for the SSH connection. Defaults to the value of the `username` field of the `provider` block.","description_kind":"plain","optional":true}},"block_types":{"node":{"nesting_mode":"list","block":{"attributes":{"address":{"type":"string","description":"The address of the Proxmox VE node.","description_kind":"plain","required":true},"name":{"type":"string","description":"The name of the Proxmox VE node.","description_kind":"plain","required":true},"port":{"type":"number","description":"The port of the Proxmox VE node.","description_kind":"plain","optional":true}},"description":"Overrides for SSH connection configuration for a Proxmox VE node.","description_kind":"plain"}}},"description":"The SSH configuration for the Proxmox nodes.","description_kind":"plain"},"max_items":1}},"description_kind":"plain"}},"resource_schemas":{"proxmox_virtual_environment_acl":{"version":0,"block":{"attributes":{"group_id":{"type":"string","description":"The group the ACL should apply to (mutually exclusive with `token_id` and `user_id`)","description_kind":"plain","optional":true},"id":{"type":"string","description":"The unique identifier of this resource.","description_kind":"plain","computed":true},"path":{"type":"string","description":"Access control path","description_kind":"plain","required":true},"propagate":{"type":"bool","description":"Allow to propagate (inherit) permissions.","description_kind":"plain","optional":true,"computed":true},"role_id":{"type":"string","description":"The role to apply","description_kind":"plain","required":true},"token_id":{"type":"string","description":"The token the ACL should apply to (mutually exclusive with `group_id` and `user_id`)","description_kind":"plain","optional":true},"user_id":{"type":"string","description":"The user the ACL should apply to (mutually exclusive with `group_id` and `token_id`)","description_kind":"plain","optional":true}},"description":"Manages ACLs on the Proxmox cluster.\n\nACLs are used to control access to resources in the Proxmox cluster.\nEach ACL consists of a path, a user, group or token, a role, and a flag to allow propagation of permissions.","description_kind":"markdown"}},"proxmox_virtual_environment_acme_account":{"version":0,"block":{"attributes":{"contact":{"type":"string","description":"The contact email addresses.","description_kind":"plain","required":true},"created_at":{"type":"string","description":"The timestamp of the ACME account creation.","description_kind":"plain","computed":true},"directory":{"type":"string","description":"The URL of the ACME CA directory endpoint.","description_kind":"plain","optional":true},"eab_hmac_key":{"type":"string","description":"The HMAC key for External Account Binding.","description_kind":"plain","optional":true},"eab_kid":{"type":"string","description":"The Key Identifier for External Account Binding.","description_kind":"plain","optional":true},"location":{"type":"string","description":"The location of the ACME account.","description_kind":"plain","computed":true},"name":{"type":"string","description":"The ACME account config file name.","description_kind":"plain","optional":true,"computed":true},"tos":{"type":"string","description":"The URL of CA TermsOfService - setting this indicates agreement.","description_kind":"plain","optional":true}},"description":"Manages an ACME account in a Proxmox VE cluster.\n\n~\u003e This resource requires `root@pam` authentication.","description_kind":"markdown"}},"proxmox_virtual_environment_acme_dns_plugin":{"version":0,"block":{"attributes":{"api":{"type":"string","description":"API plugin name.","description_kind":"plain","required":true},"data":{"type":["map","string"],"description":"DNS plugin data.","description_kind":"plain","optional":true},"digest":{"type":"string","description":"SHA1 digest of the current configuration. Prevent changes if current configuration file has a different digest. This can be used to prevent concurrent modifications.","description_kind":"markdown","optional":true,"computed":true},"disable":{"type":"bool","description":"Flag to disable the config.","description_kind":"plain","optional":true},"plugin":{"type":"string","description":"ACME Plugin ID name.","description_kind":"plain","required":true},"validation_delay":{"type":"number","description":"Extra delay in seconds to wait before requesting validation. Allows to cope with a long TTL of DNS records (0 - 172800).","description_kind":"markdown","optional":true,"computed":true}},"description":"Manages an ACME plugin in a Proxmox VE cluster.","description_kind":"plain"}},"proxmox_virtual_environment_apt_repository":{"version":0,"block":{"attributes":{"comment":{"type":"string","description":"The associated comment.","description_kind":"plain","computed":true},"components":{"type":["list","string"],"description":"The list of components.","description_kind":"plain","computed":true},"enabled":{"type":"bool","description":"Indicates the activation status.","description_kind":"plain","optional":true,"computed":true},"file_path":{"type":"string","description":"The absolute path of the source list file that contains this repository.","description_kind":"plain","required":true},"file_type":{"type":"string","description":"The format of the defining source list file.","description_kind":"plain","computed":true},"id":{"type":"string","description":"The unique identifier of this APT repository resource.","description_kind":"plain","computed":true},"index":{"type":"number","description":"The index within the defining source list file.","description_kind":"plain","required":true},"node":{"type":"string","description":"The name of the target Proxmox VE node.","description_kind":"plain","required":true},"package_types":{"type":["list","string"],"description":"The list of package types.","description_kind":"plain","computed":true},"suites":{"type":["list","string"],"description":"The list of package distributions.","description_kind":"plain","computed":true},"uris":{"type":["list","string"],"description":"The list of repository URIs.","description_kind":"plain","computed":true}},"description":"Manages an APT repository of a Proxmox VE node.","description_kind":"plain"}},"proxmox_virtual_environment_apt_standard_repository":{"version":0,"block":{"attributes":{"description":{"type":"string","description":"The description of the APT standard repository.","description_kind":"plain","computed":true},"file_path":{"type":"string","description":"The absolute path of the source list file that contains this standard repository.","description_kind":"plain","computed":true},"handle":{"type":"string","description":"The handle of the APT standard repository. Must be `ceph-quincy-enterprise` | `ceph-quincy-no-subscription` | `ceph-quincy-test` | `ceph-reef-enterprise` | `ceph-reef-no-subscription` | `ceph-reef-test` | `enterprise` | `no-subscription` | `test`.","description_kind":"markdown","required":true},"id":{"type":"string","description":"The unique identifier of this APT standard repository resource.","description_kind":"plain","computed":true},"index":{"type":"number","description":"The index within the defining source list file.","description_kind":"plain","computed":true},"name":{"type":"string","description":"The name of the APT standard repository.","description_kind":"plain","computed":true},"node":{"type":"string","description":"The name of the target Proxmox VE node.","description_kind":"plain","required":true},"status":{"type":"number","description":"Indicates the activation status.","description_kind":"plain","computed":true}},"description":"Manages an APT standard repository of a Proxmox VE node.","description_kind":"plain"}},"proxmox_virtual_environment_certificate":{"version":0,"block":{"attributes":{"certificate":{"type":"string","description":"The PEM encoded certificate","description_kind":"plain","required":true},"certificate_chain":{"type":"string","description":"The PEM encoded certificate chain","description_kind":"plain","optional":true},"expiration_date":{"type":"string","description":"The expiration date","description_kind":"plain","computed":true},"file_name":{"type":"string","description":"The file name","description_kind":"plain","computed":true},"id":{"type":"string","description_kind":"plain","optional":true,"computed":true},"issuer":{"type":"string","description":"The issuer","description_kind":"plain","computed":true},"node_name":{"type":"string","description":"The node name","description_kind":"plain","required":true},"overwrite":{"type":"bool","description":"Whether to overwrite an existing certificate","description_kind":"plain","optional":true},"private_key":{"type":"string","description":"The PEM encoded private key","description_kind":"plain","required":true,"sensitive":true},"public_key_size":{"type":"number","description":"The public key size","description_kind":"plain","computed":true},"public_key_type":{"type":"string","description":"The public key type","description_kind":"plain","computed":true},"ssl_fingerprint":{"type":"string","description":"The SSL fingerprint","description_kind":"plain","computed":true},"start_date":{"type":"string","description":"The start date","description_kind":"plain","computed":true},"subject":{"type":"string","description":"The subject","description_kind":"plain","computed":true},"subject_alternative_names":{"type":["list","string"],"description":"The subject alternative names","description_kind":"plain","computed":true}},"description_kind":"plain"}},"proxmox_virtual_environment_cluster_firewall":{"version":0,"block":{"attributes":{"ebtables":{"type":"bool","description":"Enable ebtables cluster-wide","description_kind":"plain","optional":true},"enabled":{"type":"bool","description":"Enable or disable the firewall cluster-wide","description_kind":"plain","optional":true},"id":{"type":"string","description_kind":"plain","optional":true,"computed":true},"input_policy":{"type":"string","description":"Default policy for incoming traffic","description_kind":"plain","optional":true},"output_policy":{"type":"string","description":"Default policy for outgoing traffic","description_kind":"plain","optional":true}},"block_types":{"log_ratelimit":{"nesting_mode":"list","block":{"attributes":{"burst":{"type":"number","description":"Initial burst of packages which will always get logged before the rate is applied","description_kind":"plain","optional":true},"enabled":{"type":"bool","description":"Enable or disable log ratelimiting","description_kind":"plain","optional":true},"rate":{"type":"string","description":"Frequency with which the burst bucket gets refilled","description_kind":"plain","optional":true}},"description":"Log ratelimiting settings","description_kind":"plain"},"max_items":1}},"description_kind":"plain"}},"proxmox_virtual_environment_cluster_firewall_security_group":{"version":0,"block":{"attributes":{"comment":{"type":"string","description":"Security group comment","description_kind":"plain","optional":true},"container_id":{"type":"number","description":"The ID of the container to manage the firewall for.","description_kind":"plain","optional":true},"id":{"type":"string","description_kind":"plain","optional":true,"computed":true},"name":{"type":"string","description":"Security group name","description_kind":"plain","required":true},"node_name":{"type":"string","description":"The name of the node.","description_kind":"plain","optional":true},"vm_id":{"type":"number","description":"The ID of the VM to manage the firewall for.","description_kind":"plain","optional":true}},"block_types":{"rule":{"nesting_mode":"list","block":{"attributes":{"action":{"type":"string","description":"Rules action ('ACCEPT', 'DROP', 'REJECT')","description_kind":"plain","optional":true},"comment":{"type":"string","description":"Rules comment","description_kind":"plain","optional":true},"dest":{"type":"string","description":"Restrict packet destination address. This can refer to a single IP address, an IP set ('+ipsetname') or an IP alias definition. You can also specify an address range like '20.34.101.207-201.3.9.99', or a list of IP addresses and networks (entries are separated by comma). Please do not mix IPv4 and IPv6 addresses inside such lists.","description_kind":"plain","optional":true},"dport":{"type":"string","description":"Restrict TCP/UDP destination port. You can use service names or simple numbers (0-65535), as defined in '/etc/services'. Port ranges can be specified with '\\d+:\\d+', for example '80:85', and you can use comma separated list to match several ports or ranges.","description_kind":"plain","optional":true},"enabled":{"type":"bool","description":"Enable rule","description_kind":"plain","optional":true},"iface":{"type":"string","description":"Network interface name. You have to use network configuration key names for VMs and containers ('net\\d+'). Host related rules can use arbitrary strings.","description_kind":"plain","optional":true},"log":{"type":"string","description":"Log level for this rule ('emerg', 'alert', 'crit', 'err', 'warning', 'notice', 'info', 'debug', 'nolog')","description_kind":"plain","optional":true},"macro":{"type":"string","description":"Use predefined standard macro","description_kind":"plain","optional":true},"pos":{"type":"number","description":"Rules position","description_kind":"plain","computed":true},"proto":{"type":"string","description":"Restrict packet protocol. You can use protocol names or simple numbers (0-255), as defined in '/etc/protocols'.","description_kind":"plain","optional":true},"security_group":{"type":"string","description":"Security group name","description_kind":"plain","optional":true},"source":{"type":"string","description":"Restrict packet source address. This can refer to a single IP address, an IP set ('+ipsetname') or an IP alias definition. You can also specify an address range like '20.34.101.207-201.3.9.99', or a list of IP addresses and networks (entries are separated by comma). Please do not mix IPv4 and IPv6 addresses inside such lists.","description_kind":"plain","optional":true},"sport":{"type":"string","description":"Restrict TCP/UDP source port. You can use service names or simple numbers (0-65535), as defined in '/etc/services'. Port ranges can be specified with '\\d+:\\d+', for example '80:85', and you can use comma separated list to match several ports or ranges.","description_kind":"plain","optional":true},"type":{"type":"string","description":"Rules type ('in', 'out')","description_kind":"plain","optional":true}},"description":"List of rules","description_kind":"plain"},"min_items":1}},"description_kind":"plain"}},"proxmox_virtual_environment_cluster_options":{"version":0,"block":{"attributes":{"bandwidth_limit_clone":{"type":"number","description":"Clone I/O bandwidth limit in KiB/s.","description_kind":"plain","optional":true},"bandwidth_limit_default":{"type":"number","description":"Default I/O bandwidth limit in KiB/s.","description_kind":"plain","optional":true},"bandwidth_limit_migration":{"type":"number","description":"Migration I/O bandwidth limit in KiB/s.","description_kind":"plain","optional":true},"bandwidth_limit_move":{"type":"number","description":"Move I/O bandwidth limit in KiB/s.","description_kind":"plain","optional":true},"bandwidth_limit_restore":{"type":"number","description":"Restore I/O bandwidth limit in KiB/s.","description_kind":"plain","optional":true},"console":{"type":"string","description":"Select the default Console viewer. Must be `applet` | `vv`| `html5` | `xtermjs`. You can either use the builtin java applet (VNC; deprecated and maps to html5), an external virt-viewer compatible application (SPICE), an HTML5 based vnc viewer (noVNC), or an HTML5 based console client (xtermjs). If the selected viewer is not available (e.g. SPICE not activated for the VM), the fallback is noVNC.","description_kind":"markdown","optional":true},"crs_ha":{"type":"string","description":"Cluster resource scheduling setting for HA. Must be `static` | `basic` (default is `basic`).","description_kind":"markdown","optional":true,"computed":true},"crs_ha_rebalance_on_start":{"type":"bool","description":"Cluster resource scheduling setting for HA rebalance on start.","description_kind":"plain","optional":true},"description":{"type":"string","description":"Datacenter description. Shown in the web-interface datacenter notes panel. This is saved as comment inside the configuration file.","description_kind":"plain","optional":true},"email_from":{"type":"string","description":"email address to send notification from (default is root@$hostname).","description_kind":"plain","optional":true},"ha_shutdown_policy":{"type":"string","description":"Cluster wide HA shutdown policy (). Must be `freeze` | `failover` | `migrate` | `conditional` (default is `conditional`).","description_kind":"markdown","optional":true},"http_proxy":{"type":"string","description":"Specify external http proxy which is used for downloads (example: `http://username:password@host:port/`).","description_kind":"markdown","optional":true},"id":{"type":"string","description":"The unique identifier of this resource.","description_kind":"plain","computed":true},"keyboard":{"type":"string","description":"Default keyboard layout for vnc server. Must be `de` | `de-ch` | `da` | `en-gb` | `en-us` | `es` | `fi` | `fr` | `fr-be` | `fr-ca` | `fr-ch` | `hu` | `is` | `it` | `ja` | `lt` | `mk` | `nl` | `no` | `pl` | `pt` | `pt-br` | `sv` | `sl` | `tr`.","description_kind":"markdown","optional":true},"language":{"type":"string","description":"Default GUI language. Must be `ca` | `da` | `de` | `en` | `es` | `eu` | `fa` | `fr` | `he` | `it` | `ja` | `nb` | `nn` | `pl` | `pt_BR` | `ru` | `sl` | `sv` | `tr` | `zh_CN` | `zh_TW`.","description_kind":"markdown","optional":true},"mac_prefix":{"type":"string","description":"Prefix for autogenerated MAC addresses.","description_kind":"plain","optional":true,"computed":true},"max_workers":{"type":"number","description":"Defines how many workers (per node) are maximal started on actions like 'stopall VMs' or task from the ha-manager.","description_kind":"plain","optional":true},"migration_cidr":{"type":"string","description":"Cluster wide migration network CIDR.","description_kind":"plain","optional":true},"migration_type":{"type":"string","description":"Cluster wide migration type. Must be `secure` | `unsecure` (default is `secure`).","description_kind":"markdown","optional":true},"next_id":{"nested_type":{"attributes":{"lower":{"type":"number","description":"The minimum number for the next free VM ID. Must be higher or equal to 100","description_kind":"markdown","optional":true},"upper":{"type":"number","description":"The maximum number for the next free VM ID. Must be less or equal to 999999999","description_kind":"markdown","optional":true}},"nesting_mode":"single"},"description":"The ranges for the next free VM ID auto-selection pool.","description_kind":"plain","optional":true},"notify":{"nested_type":{"attributes":{"ha_fencing_mode":{"type":"string","description":"Cluster-wide notification settings for the HA fencing mode. Must be `always` | `never`.","description_kind":"markdown","optional":true},"ha_fencing_target":{"type":"string","description":"Cluster-wide notification settings for the HA fencing target.","description_kind":"markdown","optional":true},"package_updates":{"type":"string","description":"Cluster-wide notification settings for package updates. Must be `auto` | `always` | `never`. ","description_kind":"markdown","optional":true},"package_updates_target":{"type":"string","description":"Cluster-wide notification settings for the package updates target.","description_kind":"markdown","optional":true},"replication":{"type":"string","description":"Cluster-wide notification settings for replication. Must be `always` | `never`. ","description_kind":"markdown","optional":true},"replication_target":{"type":"string","description":"Cluster-wide notification settings for the replication target.","description_kind":"markdown","optional":true}},"nesting_mode":"single"},"description":"Cluster-wide notification settings.","description_kind":"plain","optional":true}},"description":"Manages Proxmox VE Cluster Datacenter options.","description_kind":"plain"}},"proxmox_virtual_environment_container":{"version":0,"block":{"attributes":{"description":{"type":"string","description":"The description","description_kind":"plain","optional":true},"hook_script_file_id":{"type":"string","description":"A hook script","description_kind":"plain","optional":true},"id":{"type":"string","description_kind":"plain","optional":true,"computed":true},"node_name":{"type":"string","description":"The node name","description_kind":"plain","required":true},"pool_id":{"type":"string","description":"The ID of the pool to assign the container to","description_kind":"plain","optional":true},"protection":{"type":"bool","description":"Whether to set the protection flag of the container. This will prevent the container itself and its disk for remove/update operations.","description_kind":"plain","optional":true},"start_on_boot":{"type":"bool","description":"Automatically start container when the host system boots.","description_kind":"plain","optional":true},"started":{"type":"bool","description":"Whether to start the container","description_kind":"plain","optional":true},"tags":{"type":["list","string"],"description":"Tags of the container. This is only meta information.","description_kind":"plain","optional":true},"template":{"type":"bool","description":"Whether to create a template","description_kind":"plain","optional":true},"timeout_clone":{"type":"number","description":"Clone container timeout","description_kind":"plain","optional":true},"timeout_create":{"type":"number","description":"Create container timeout","description_kind":"plain","optional":true},"timeout_delete":{"type":"number","description":"Delete container timeout","description_kind":"plain","optional":true},"timeout_start":{"type":"number","description":"Start container timeout","description_kind":"plain","deprecated":true,"optional":true},"timeout_update":{"type":"number","description":"Update container timeout","description_kind":"plain","optional":true},"unprivileged":{"type":"bool","description":"Whether the container runs as unprivileged on the host","description_kind":"plain","optional":true},"vm_id":{"type":"number","description":"The VM identifier","description_kind":"plain","optional":true,"computed":true}},"block_types":{"clone":{"nesting_mode":"list","block":{"attributes":{"datastore_id":{"type":"string","description":"The ID of the target datastore","description_kind":"plain","optional":true},"node_name":{"type":"string","description":"The name of the source node","description_kind":"plain","optional":true},"vm_id":{"type":"number","description":"The ID of the source container","description_kind":"plain","required":true}},"description":"The cloning configuration","description_kind":"plain"},"max_items":1},"console":{"nesting_mode":"list","block":{"attributes":{"enabled":{"type":"bool","description":"Whether to enable the console device","description_kind":"plain","optional":true},"tty_count":{"type":"number","description":"The number of available TTY","description_kind":"plain","optional":true},"type":{"type":"string","description":"The console mode","description_kind":"plain","optional":true}},"description":"The console configuration","description_kind":"plain"},"max_items":1},"cpu":{"nesting_mode":"list","block":{"attributes":{"architecture":{"type":"string","description":"The CPU architecture","description_kind":"plain","optional":true},"cores":{"type":"number","description":"The number of CPU cores","description_kind":"plain","optional":true},"units":{"type":"number","description":"The CPU units","description_kind":"plain","optional":true}},"description":"The CPU allocation","description_kind":"plain"},"max_items":1},"disk":{"nesting_mode":"list","block":{"attributes":{"datastore_id":{"type":"string","description":"The datastore id","description_kind":"plain","optional":true},"size":{"type":"number","description":"The rootfs size in gigabytes","description_kind":"plain","optional":true}},"description":"The disks","description_kind":"plain"},"max_items":1},"features":{"nesting_mode":"list","block":{"attributes":{"fuse":{"type":"bool","description":"Whether the container supports FUSE mounts","description_kind":"plain","optional":true},"keyctl":{"type":"bool","description":"Whether the container supports `keyctl()` system call","description_kind":"plain","optional":true},"mount":{"type":["list","string"],"description":"List of allowed mount types","description_kind":"plain","optional":true},"nesting":{"type":"bool","description":"Whether the container runs as nested","description_kind":"plain","optional":true}},"description":"Features","description_kind":"plain"},"max_items":1},"initialization":{"nesting_mode":"list","block":{"attributes":{"hostname":{"type":"string","description":"The hostname","description_kind":"plain","optional":true}},"block_types":{"dns":{"nesting_mode":"list","block":{"attributes":{"domain":{"type":"string","description":"The DNS search domain","description_kind":"plain","optional":true},"server":{"type":"string","description":"The DNS server","description_kind":"plain","deprecated":true,"optional":true},"servers":{"type":["list","string"],"description":"The list of DNS servers","description_kind":"plain","optional":true}},"description":"The DNS configuration","description_kind":"plain"},"max_items":1},"ip_config":{"nesting_mode":"list","block":{"block_types":{"ipv4":{"nesting_mode":"list","block":{"attributes":{"address":{"type":"string","description":"The IPv4 address","description_kind":"plain","optional":true},"gateway":{"type":"string","description":"The IPv4 gateway","description_kind":"plain","optional":true}},"description":"The IPv4 configuration","description_kind":"plain"},"max_items":1},"ipv6":{"nesting_mode":"list","block":{"attributes":{"address":{"type":"string","description":"The IPv6 address","description_kind":"plain","optional":true},"gateway":{"type":"string","description":"The IPv6 gateway","description_kind":"plain","optional":true}},"description":"The IPv6 configuration","description_kind":"plain"},"max_items":1}},"description":"The IP configuration","description_kind":"plain"},"max_items":8},"user_account":{"nesting_mode":"list","block":{"attributes":{"keys":{"type":["list","string"],"description":"The SSH keys","description_kind":"plain","optional":true},"password":{"type":"string","description":"The SSH password","description_kind":"plain","optional":true,"sensitive":true}},"description":"The user account configuration","description_kind":"plain"},"max_items":1}},"description":"The initialization configuration","description_kind":"plain"},"max_items":1},"memory":{"nesting_mode":"list","block":{"attributes":{"dedicated":{"type":"number","description":"The dedicated memory in megabytes","description_kind":"plain","optional":true},"swap":{"type":"number","description":"The swap size in megabytes","description_kind":"plain","optional":true}},"description":"The memory allocation","description_kind":"plain"},"max_items":1},"mount_point":{"nesting_mode":"list","block":{"attributes":{"acl":{"type":"bool","description":"Explicitly enable or disable ACL support","description_kind":"plain","optional":true},"backup":{"type":"bool","description":"Whether to include the mount point in backups (only used for volume mount points)","description_kind":"plain","optional":true},"mount_options":{"type":["list","string"],"description":"Extra mount options.","description_kind":"plain","optional":true},"path":{"type":"string","description":"Path to the mount point as seen from inside the container","description_kind":"plain","required":true},"quota":{"type":"bool","description":"Enable user quotas inside the container (not supported with volume mounts)","description_kind":"plain","optional":true},"read_only":{"type":"bool","description":"Read-only mount point","description_kind":"plain","optional":true},"replicate":{"type":"bool","description":"Will include this volume to a storage replica job","description_kind":"plain","optional":true},"shared":{"type":"bool","description":"Mark this non-volume mount point as available on all nodes","description_kind":"plain","optional":true},"size":{"type":"string","description":"Volume size (only used for volume mount points)","description_kind":"plain","optional":true},"volume":{"type":"string","description":"Volume, device or directory to mount into the container","description_kind":"plain","required":true}},"description":"A mount point","description_kind":"plain"},"max_items":8},"network_interface":{"nesting_mode":"list","block":{"attributes":{"bridge":{"type":"string","description":"The bridge","description_kind":"plain","optional":true},"enabled":{"type":"bool","description":"Whether to enable the network device","description_kind":"plain","optional":true},"firewall":{"type":"bool","description":"Whether this interface's firewall rules should be used.","description_kind":"plain","optional":true},"mac_address":{"type":"string","description":"The MAC address","description_kind":"plain","optional":true},"mtu":{"type":"number","description":"Maximum transmission unit (MTU)","description_kind":"plain","optional":true},"name":{"type":"string","description":"The network interface name","description_kind":"plain","required":true},"rate_limit":{"type":"number","description":"The rate limit in megabytes per second","description_kind":"plain","optional":true},"vlan_id":{"type":"number","description":"The VLAN identifier","description_kind":"plain","optional":true}},"description":"The network interfaces","description_kind":"plain"},"max_items":8},"operating_system":{"nesting_mode":"list","block":{"attributes":{"template_file_id":{"type":"string","description":"The ID of an OS template file","description_kind":"plain","required":true},"type":{"type":"string","description":"The type","description_kind":"plain","optional":true}},"description":"The operating system configuration","description_kind":"plain"},"max_items":1},"startup":{"nesting_mode":"list","block":{"attributes":{"down_delay":{"type":"number","description":"A non-negative number defining the delay in seconds before the next container is shut down","description_kind":"plain","optional":true},"order":{"type":"number","description":"A non-negative number defining the general startup order","description_kind":"plain","optional":true},"up_delay":{"type":"number","description":"A non-negative number defining the delay in seconds before the next container is started","description_kind":"plain","optional":true}},"description":"Defines startup and shutdown behavior of the container","description_kind":"plain"},"max_items":1}},"description_kind":"plain"}},"proxmox_virtual_environment_dns":{"version":0,"block":{"attributes":{"domain":{"type":"string","description":"The DNS search domain","description_kind":"plain","required":true},"id":{"type":"string","description_kind":"plain","optional":true,"computed":true},"node_name":{"type":"string","description":"The node name","description_kind":"plain","required":true},"servers":{"type":["list","string"],"description":"The DNS servers","description_kind":"plain","optional":true}},"description_kind":"plain"}},"proxmox_virtual_environment_download_file":{"version":0,"block":{"attributes":{"checksum":{"type":"string","description":"The expected checksum of the file.","description_kind":"plain","optional":true},"checksum_algorithm":{"type":"string","description":"The algorithm to calculate the checksum of the file. Must be `md5` | `sha1` | `sha224` | `sha256` | `sha384` | `sha512`.","description_kind":"plain","optional":true},"content_type":{"type":"string","description":"The file content type. Must be `iso` for VM images or `vztmpl` for LXC images.","description_kind":"plain","required":true},"datastore_id":{"type":"string","description":"The identifier for the target datastore.","description_kind":"plain","required":true},"decompression_algorithm":{"type":"string","description":"Decompress the downloaded file using the specified compression algorithm. Must be one of `gz` | `lzo` | `zst`.","description_kind":"plain","optional":true},"file_name":{"type":"string","description":"The file name. If not provided, it is calculated using `url`. PVE will raise 'wrong file extension' error for some popular extensions file `.raw` or `.qcow2`. Workaround is to use e.g. `.img` instead.","description_kind":"plain","optional":true,"computed":true},"id":{"type":"string","description":"The unique identifier of this resource.","description_kind":"plain","computed":true},"node_name":{"type":"string","description":"The node name.","description_kind":"plain","required":true},"overwrite":{"type":"bool","description":"If `true` and size of uploaded file is different, than size from `url` Content-Length header, file will be downloaded again. If `false`, there will be no checks.","description_kind":"plain","optional":true,"computed":true},"overwrite_unmanaged":{"type":"bool","description":"If `true` and a file with the same name already exists in the datastore, it will be deleted and the new file will be downloaded. If `false` and the file already exists, an error will be returned.","description_kind":"plain","optional":true,"computed":true},"size":{"type":"number","description":"The file size.","description_kind":"plain","computed":true},"upload_timeout":{"type":"number","description":"The file download timeout seconds. Default is 600 (10min).","description_kind":"plain","optional":true,"computed":true},"url":{"type":"string","description":"The URL to download the file from. Format `https?://.*`.","description_kind":"plain","required":true},"verify":{"type":"bool","description":"By default `true`. If `false`, no SSL/TLS certificates will be verified.","description_kind":"plain","optional":true,"computed":true}},"description":"Manages files upload using PVE download-url API. It can be fully compatible and faster replacement for image files created using `proxmox_virtual_environment_file`. Supports images for VMs (ISO images) and LXC (CT Templates).","description_kind":"markdown"}},"proxmox_virtual_environment_file":{"version":0,"block":{"attributes":{"content_type":{"type":"string","description":"The content type","description_kind":"plain","optional":true,"computed":true},"datastore_id":{"type":"string","description":"The datastore id","description_kind":"plain","required":true},"file_mode":{"type":"string","description":"The file mode in octal format, e.g. \"0700\" or \"600\".Note that the prefixes \"0o\" and \"0x\" are not supported!Setting this attribute is also only allowed for \"root@pam\" authenticated user.","description_kind":"plain","optional":true},"file_modification_date":{"type":"string","description":"The file modification date","description_kind":"plain","computed":true},"file_name":{"type":"string","description":"The file name","description_kind":"plain","computed":true},"file_size":{"type":"number","description":"The file size in bytes","description_kind":"plain","computed":true},"file_tag":{"type":"string","description":"The file tag","description_kind":"plain","computed":true},"id":{"type":"string","description_kind":"plain","optional":true,"computed":true},"node_name":{"type":"string","description":"The node name","description_kind":"plain","required":true},"overwrite":{"type":"bool","description":"Whether to overwrite the file if it already exists","description_kind":"plain","optional":true},"timeout_upload":{"type":"number","description":"Timeout for uploading ISO/VSTMPL files in seconds","description_kind":"plain","optional":true}},"block_types":{"source_file":{"nesting_mode":"list","block":{"attributes":{"changed":{"type":"bool","description":"Whether the source file has changed since the last run","description_kind":"plain","optional":true},"checksum":{"type":"string","description":"The SHA256 checksum of the source file","description_kind":"plain","optional":true},"file_name":{"type":"string","description":"The file name to use instead of the source file name","description_kind":"plain","optional":true},"insecure":{"type":"bool","description":"Whether to skip the TLS verification step for HTTPS sources","description_kind":"plain","optional":true},"min_tls":{"type":"string","description":"The minimum required TLS version for HTTPS sources.Supported values: `1.0|1.1|1.2|1.3`. Defaults to `1.3`.","description_kind":"plain","optional":true},"path":{"type":"string","description":"A path to a local file or a URL","description_kind":"plain","required":true}},"description":"The source file","description_kind":"plain"},"max_items":1},"source_raw":{"nesting_mode":"list","block":{"attributes":{"data":{"type":"string","description":"The raw data","description_kind":"plain","required":true},"file_name":{"type":"string","description":"The file name","description_kind":"plain","required":true},"resize":{"type":"number","description":"The number of bytes to resize the file to","description_kind":"plain","optional":true}},"description":"The raw source","description_kind":"plain"},"max_items":1}},"description_kind":"plain"}},"proxmox_virtual_environment_firewall_alias":{"version":0,"block":{"attributes":{"cidr":{"type":"string","description":"IP/CIDR block","description_kind":"plain","required":true},"comment":{"type":"string","description":"Alias comment","description_kind":"plain","optional":true},"container_id":{"type":"number","description":"The ID of the container to manage the firewall for.","description_kind":"plain","optional":true},"id":{"type":"string","description_kind":"plain","optional":true,"computed":true},"name":{"type":"string","description":"Alias name","description_kind":"plain","required":true},"node_name":{"type":"string","description":"The name of the node.","description_kind":"plain","optional":true},"vm_id":{"type":"number","description":"The ID of the VM to manage the firewall for.","description_kind":"plain","optional":true}},"description_kind":"plain"}},"proxmox_virtual_environment_firewall_ipset":{"version":0,"block":{"attributes":{"comment":{"type":"string","description":"IPSet comment","description_kind":"plain","optional":true},"container_id":{"type":"number","description":"The ID of the container to manage the firewall for.","description_kind":"plain","optional":true},"id":{"type":"string","description_kind":"plain","optional":true,"computed":true},"name":{"type":"string","description":"IPSet name","description_kind":"plain","required":true},"node_name":{"type":"string","description":"The name of the node.","description_kind":"plain","optional":true},"vm_id":{"type":"number","description":"The ID of the VM to manage the firewall for.","description_kind":"plain","optional":true}},"block_types":{"cidr":{"nesting_mode":"list","block":{"attributes":{"comment":{"type":"string","description":"IP/CIDR comment","description_kind":"plain","optional":true},"name":{"type":"string","description":"Network/IP specification in CIDR format","description_kind":"plain","required":true},"nomatch":{"type":"bool","description":"No match this IP/CIDR","description_kind":"plain","optional":true}},"description":"List of IP or Networks","description_kind":"plain"}}},"description_kind":"plain"}},"proxmox_virtual_environment_firewall_options":{"version":0,"block":{"attributes":{"container_id":{"type":"number","description":"The ID of the container to manage the firewall for.","description_kind":"plain","optional":true},"dhcp":{"type":"bool","description":"Enable DHCP","description_kind":"plain","optional":true},"enabled":{"type":"bool","description":"Enable or disable the firewall","description_kind":"plain","optional":true},"id":{"type":"string","description_kind":"plain","optional":true,"computed":true},"input_policy":{"type":"string","description":"Default policy for incoming traffic","description_kind":"plain","optional":true},"ipfilter":{"type":"bool","description":"Enable default IP filters. This is equivalent to adding an empty ipfilter-net\u003cid\u003e ipset for every interface. Such ipsets implicitly contain sane default restrictions such as restricting IPv6 link local addresses to the one derived from the interface's MAC address. For containers the configured IP addresses will be implicitly added.","description_kind":"plain","optional":true},"log_level_in":{"type":"string","description":"Log level for incoming traffic.","description_kind":"plain","optional":true},"log_level_out":{"type":"string","description":"Log level for outgoing traffic.","description_kind":"plain","optional":true},"macfilter":{"type":"bool","description":"Enable MAC address filtering","description_kind":"plain","optional":true},"ndp":{"type":"bool","description":"Enable NDP (Neighbor Discovery Protocol)","description_kind":"plain","optional":true},"node_name":{"type":"string","description":"The name of the node.","description_kind":"plain","required":true},"output_policy":{"type":"string","description":"Default policy for outgoing traffic","description_kind":"plain","optional":true},"radv":{"type":"bool","description":"Allow sending Router Advertisement","description_kind":"plain","optional":true},"vm_id":{"type":"number","description":"The ID of the VM to manage the firewall for.","description_kind":"plain","optional":true}},"description_kind":"plain"}},"proxmox_virtual_environment_firewall_rules":{"version":0,"block":{"attributes":{"container_id":{"type":"number","description":"The ID of the container to manage the firewall for.","description_kind":"plain","optional":true},"id":{"type":"string","description_kind":"plain","optional":true,"computed":true},"node_name":{"type":"string","description":"The name of the node.","description_kind":"plain","optional":true},"vm_id":{"type":"number","description":"The ID of the VM to manage the firewall for.","description_kind":"plain","optional":true}},"block_types":{"rule":{"nesting_mode":"list","block":{"attributes":{"action":{"type":"string","description":"Rules action ('ACCEPT', 'DROP', 'REJECT')","description_kind":"plain","optional":true},"comment":{"type":"string","description":"Rules comment","description_kind":"plain","optional":true},"dest":{"type":"string","description":"Restrict packet destination address. This can refer to a single IP address, an IP set ('+ipsetname') or an IP alias definition. You can also specify an address range like '20.34.101.207-201.3.9.99', or a list of IP addresses and networks (entries are separated by comma). Please do not mix IPv4 and IPv6 addresses inside such lists.","description_kind":"plain","optional":true},"dport":{"type":"string","description":"Restrict TCP/UDP destination port. You can use service names or simple numbers (0-65535), as defined in '/etc/services'. Port ranges can be specified with '\\d+:\\d+', for example '80:85', and you can use comma separated list to match several ports or ranges.","description_kind":"plain","optional":true},"enabled":{"type":"bool","description":"Enable rule","description_kind":"plain","optional":true},"iface":{"type":"string","description":"Network interface name. You have to use network configuration key names for VMs and containers ('net\\d+'). Host related rules can use arbitrary strings.","description_kind":"plain","optional":true},"log":{"type":"string","description":"Log level for this rule ('emerg', 'alert', 'crit', 'err', 'warning', 'notice', 'info', 'debug', 'nolog')","description_kind":"plain","optional":true},"macro":{"type":"string","description":"Use predefined standard macro","description_kind":"plain","optional":true},"pos":{"type":"number","description":"Rules position","description_kind":"plain","computed":true},"proto":{"type":"string","description":"Restrict packet protocol. You can use protocol names or simple numbers (0-255), as defined in '/etc/protocols'.","description_kind":"plain","optional":true},"security_group":{"type":"string","description":"Security group name","description_kind":"plain","optional":true},"source":{"type":"string","description":"Restrict packet source address. This can refer to a single IP address, an IP set ('+ipsetname') or an IP alias definition. You can also specify an address range like '20.34.101.207-201.3.9.99', or a list of IP addresses and networks (entries are separated by comma). Please do not mix IPv4 and IPv6 addresses inside such lists.","description_kind":"plain","optional":true},"sport":{"type":"string","description":"Restrict TCP/UDP source port. You can use service names or simple numbers (0-65535), as defined in '/etc/services'. Port ranges can be specified with '\\d+:\\d+', for example '80:85', and you can use comma separated list to match several ports or ranges.","description_kind":"plain","optional":true},"type":{"type":"string","description":"Rules type ('in', 'out')","description_kind":"plain","optional":true}},"description":"List of rules","description_kind":"plain"},"min_items":1}},"description_kind":"plain"}},"proxmox_virtual_environment_group":{"version":0,"block":{"attributes":{"comment":{"type":"string","description":"The group comment","description_kind":"plain","optional":true},"group_id":{"type":"string","description":"The group id","description_kind":"plain","required":true},"id":{"type":"string","description_kind":"plain","optional":true,"computed":true},"members":{"type":["set","string"],"description":"The group members","description_kind":"plain","computed":true}},"block_types":{"acl":{"nesting_mode":"set","block":{"attributes":{"path":{"type":"string","description":"The path","description_kind":"plain","required":true},"propagate":{"type":"bool","description":"Whether to propagate to child paths","description_kind":"plain","optional":true},"role_id":{"type":"string","description":"The role id","description_kind":"plain","required":true}},"description":"The access control list","description_kind":"plain"}}},"description_kind":"plain"}},"proxmox_virtual_environment_hagroup":{"version":0,"block":{"attributes":{"comment":{"type":"string","description":"The comment associated with this group","description_kind":"plain","optional":true},"group":{"type":"string","description":"The identifier of the High Availability group to manage.","description_kind":"plain","required":true},"id":{"type":"string","description":"The unique identifier of this resource.","description_kind":"plain","computed":true},"no_failback":{"type":"bool","description":"A flag that indicates that failing back to a higher priority node is disabled for this HA group. Defaults to `false`.","description_kind":"plain","optional":true,"computed":true},"nodes":{"type":["map","number"],"description":"The member nodes for this group. They are provided as a map, where the keys are the node names and the values represent their priority: integers for known priorities or `null` for unset priorities.","description_kind":"plain","required":true},"restricted":{"type":"bool","description":"A flag that indicates that other nodes may not be used to run resources associated to this HA group. Defaults to `false`.","description_kind":"plain","optional":true,"computed":true}},"description":"Manages a High Availability group in a Proxmox VE cluster.","description_kind":"plain"}},"proxmox_virtual_environment_hardware_mapping_pci":{"version":0,"block":{"attributes":{"comment":{"type":"string","description":"The comment of this PCI hardware mapping.","description_kind":"plain","optional":true},"id":{"type":"string","description":"The unique identifier of this PCI hardware mapping resource.","description_kind":"plain","computed":true},"map":{"nested_type":{"attributes":{"comment":{"type":"string","description":"The comment of the mapped PCI device.","description_kind":"plain","optional":true},"id":{"type":"string","description":"The ID of the map.","description_kind":"plain","required":true},"iommu_group":{"type":"number","description":"The IOMMU group of the map. Not mandatory for the Proxmox VE API call, but causes a PCI hardware mapping to be incomplete when not set","description_kind":"plain","optional":true},"node":{"type":"string","description":"The node name of the map.","description_kind":"plain","required":true},"path":{"type":"string","description":"The path of the map.","description_kind":"plain","required":true},"subsystem_id":{"type":"string","description":"The subsystem ID group of the map. Not mandatory for the Proxmox VE API call, but causes a PCI hardware mapping to be incomplete when not set","description_kind":"plain","optional":true}},"nesting_mode":"set"},"description":"The actual map of devices for the PCI hardware mapping.","description_kind":"plain","required":true},"mediated_devices":{"type":"bool","description":"Indicates whether to enable mediated devices.","description_kind":"plain","optional":true,"computed":true},"name":{"type":"string","description":"The name of this PCI hardware mapping.","description_kind":"plain","required":true}},"description":"Manages a PCI hardware mapping in a Proxmox VE cluster.","description_kind":"plain"}},"proxmox_virtual_environment_hardware_mapping_usb":{"version":0,"block":{"attributes":{"comment":{"type":"string","description":"The comment of this USB hardware mapping.","description_kind":"plain","optional":true},"id":{"type":"string","description":"The unique identifier of this USB hardware mapping resource.","description_kind":"plain","computed":true},"map":{"nested_type":{"attributes":{"comment":{"type":"string","description":"The comment of the mapped USB device.","description_kind":"plain","optional":true},"id":{"type":"string","description":"The ID of the map.","description_kind":"plain","required":true},"node":{"type":"string","description":"The node name of the map.","description_kind":"plain","required":true},"path":{"type":"string","description":"The path of the map. For hardware mappings of type USB the path is optional and indicates that the device is mapped through the device ID instead of ports.","description_kind":"plain","optional":true}},"nesting_mode":"set"},"description":"The actual map of devices for the hardware mapping.","description_kind":"plain","required":true},"name":{"type":"string","description":"The name of this hardware mapping.","description_kind":"plain","required":true}},"description":"Manages a USB hardware mapping in a Proxmox VE cluster.","description_kind":"plain"}},"proxmox_virtual_environment_haresource":{"version":0,"block":{"attributes":{"comment":{"type":"string","description":"The comment associated with this resource.","description_kind":"plain","optional":true},"group":{"type":"string","description":"The identifier of the High Availability group this resource is a member of.","description_kind":"plain","optional":true},"id":{"type":"string","description":"The unique identifier of this resource.","description_kind":"plain","computed":true},"max_relocate":{"type":"number","description":"The maximal number of relocation attempts.","description_kind":"plain","optional":true},"max_restart":{"type":"number","description":"The maximal number of restart attempts.","description_kind":"plain","optional":true},"resource_id":{"type":"string","description":"The Proxmox HA resource identifier","description_kind":"plain","required":true},"state":{"type":"string","description":"The desired state of the resource.","description_kind":"plain","optional":true,"computed":true},"type":{"type":"string","description":"The type of HA resources to create. If unset, it will be deduced from the `resource_id`.","description_kind":"markdown","optional":true,"computed":true}},"description":"Manages Proxmox HA resources.","description_kind":"plain"}},"proxmox_virtual_environment_hosts":{"version":0,"block":{"attributes":{"addresses":{"type":["list","string"],"description":"The addresses","description_kind":"plain","computed":true},"digest":{"type":"string","description":"The SHA1 digest","description_kind":"plain","computed":true},"entries":{"type":["list",["object",{"address":"string","hostnames":["list","string"]}]],"description":"The host entries","description_kind":"plain","computed":true},"hostnames":{"type":["list",["list","string"]],"description":"The hostnames","description_kind":"plain","computed":true},"id":{"type":"string","description_kind":"plain","optional":true,"computed":true},"node_name":{"type":"string","description":"The node name","description_kind":"plain","required":true}},"block_types":{"entry":{"nesting_mode":"list","block":{"attributes":{"address":{"type":"string","description":"The address","description_kind":"plain","required":true},"hostnames":{"type":["list","string"],"description":"The hostnames","description_kind":"plain","required":true}},"description":"The host entries","description_kind":"plain"},"min_items":1}},"description_kind":"plain"}},"proxmox_virtual_environment_network_linux_bridge":{"version":0,"block":{"attributes":{"address":{"type":"string","description":"The interface IPv4/CIDR address.","description_kind":"plain","optional":true},"address6":{"type":"string","description":"The interface IPv6/CIDR address.","description_kind":"plain","optional":true},"autostart":{"type":"bool","description":"Automatically start interface on boot (defaults to `true`).","description_kind":"plain","optional":true,"computed":true},"comment":{"type":"string","description":"Comment for the interface.","description_kind":"plain","optional":true},"gateway":{"type":"string","description":"Default gateway address.","description_kind":"plain","optional":true},"gateway6":{"type":"string","description":"Default IPv6 gateway address.","description_kind":"plain","optional":true},"id":{"type":"string","description":"A unique identifier with format `\u003cnode name\u003e:\u003ciface\u003e`","description_kind":"plain","computed":true},"mtu":{"type":"number","description":"The interface MTU.","description_kind":"plain","optional":true},"name":{"type":"string","description":"The interface name. Must be `vmbrN`, where N is a number between 0 and 9999.","description_kind":"markdown","required":true},"node_name":{"type":"string","description":"The name of the node.","description_kind":"plain","required":true},"ports":{"type":["list","string"],"description":"The interface bridge ports.","description_kind":"plain","optional":true},"vlan_aware":{"type":"bool","description":"Whether the interface bridge is VLAN aware (defaults to `false`).","description_kind":"plain","optional":true,"computed":true}},"description":"Manages a Linux Bridge network interface in a Proxmox VE node.","description_kind":"plain"}},"proxmox_virtual_environment_network_linux_vlan":{"version":0,"block":{"attributes":{"address":{"type":"string","description":"The interface IPv4/CIDR address.","description_kind":"plain","optional":true},"address6":{"type":"string","description":"The interface IPv6/CIDR address.","description_kind":"plain","optional":true},"autostart":{"type":"bool","description":"Automatically start interface on boot (defaults to `true`).","description_kind":"plain","optional":true,"computed":true},"comment":{"type":"string","description":"Comment for the interface.","description_kind":"plain","optional":true},"gateway":{"type":"string","description":"Default gateway address.","description_kind":"plain","optional":true},"gateway6":{"type":"string","description":"Default IPv6 gateway address.","description_kind":"plain","optional":true},"id":{"type":"string","description":"A unique identifier with format `\u003cnode name\u003e:\u003ciface\u003e`.","description_kind":"plain","computed":true},"interface":{"type":"string","description":"The VLAN raw device. See also `name`.","description_kind":"plain","optional":true,"computed":true},"mtu":{"type":"number","description":"The interface MTU.","description_kind":"plain","optional":true},"name":{"type":"string","description":"The interface name. Either add the VLAN tag number to an existing interface name, e.g. `ens18.21` (and do not set `interface` and `vlan`), or use custom name, e.g. `vlan_lab` (`interface` and `vlan` are then required).","description_kind":"markdown","required":true},"node_name":{"type":"string","description":"The name of the node.","description_kind":"plain","required":true},"vlan":{"type":"number","description":"The VLAN tag. See also `name`.","description_kind":"plain","optional":true,"computed":true}},"description":"Manages a Linux VLAN network interface in a Proxmox VE node.","description_kind":"plain"}},"proxmox_virtual_environment_pool":{"version":0,"block":{"attributes":{"comment":{"type":"string","description":"The pool comment","description_kind":"plain","optional":true},"id":{"type":"string","description_kind":"plain","optional":true,"computed":true},"members":{"type":["list",["object",{"datastore_id":"string","id":"string","node_name":"string","type":"string","vm_id":"number"}]],"description":"The pool members","description_kind":"plain","computed":true},"pool_id":{"type":"string","description":"The pool id","description_kind":"plain","required":true}},"description_kind":"plain"}},"proxmox_virtual_environment_role":{"version":0,"block":{"attributes":{"id":{"type":"string","description_kind":"plain","optional":true,"computed":true},"privileges":{"type":["set","string"],"description":"The role privileges","description_kind":"plain","required":true},"role_id":{"type":"string","description":"The role id","description_kind":"plain","required":true}},"description_kind":"plain"}},"proxmox_virtual_environment_time":{"version":0,"block":{"attributes":{"id":{"type":"string","description_kind":"plain","optional":true,"computed":true},"local_time":{"type":"string","description":"The local timestamp","description_kind":"plain","computed":true},"node_name":{"type":"string","description":"The node name","description_kind":"plain","required":true},"time_zone":{"type":"string","description":"The time zone","description_kind":"plain","required":true},"utc_time":{"type":"string","description":"The UTC timestamp","description_kind":"plain","computed":true}},"description_kind":"plain"}},"proxmox_virtual_environment_user":{"version":0,"block":{"attributes":{"comment":{"type":"string","description":"The user comment","description_kind":"plain","optional":true},"email":{"type":"string","description":"The user's email address","description_kind":"plain","optional":true},"enabled":{"type":"bool","description":"Whether the user account is enabled","description_kind":"plain","optional":true},"expiration_date":{"type":"string","description":"The user account's expiration date","description_kind":"plain","optional":true},"first_name":{"type":"string","description":"The user's first name","description_kind":"plain","optional":true},"groups":{"type":["set","string"],"description":"The user's groups","description_kind":"plain","optional":true},"id":{"type":"string","description_kind":"plain","optional":true,"computed":true},"keys":{"type":"string","description":"The user's keys","description_kind":"plain","optional":true},"last_name":{"type":"string","description":"The user's last name","description_kind":"plain","optional":true},"password":{"type":"string","description":"The user's password","description_kind":"plain","optional":true,"sensitive":true},"user_id":{"type":"string","description":"The user id","description_kind":"plain","required":true}},"block_types":{"acl":{"nesting_mode":"set","block":{"attributes":{"path":{"type":"string","description":"The path","description_kind":"plain","required":true},"propagate":{"type":"bool","description":"Whether to propagate to child paths","description_kind":"plain","optional":true},"role_id":{"type":"string","description":"The role id","description_kind":"plain","required":true}},"description":"The access control list","description_kind":"plain"}}},"description_kind":"plain"}},"proxmox_virtual_environment_user_token":{"version":0,"block":{"attributes":{"comment":{"type":"string","description":"Comment for the token.","description_kind":"plain","optional":true},"expiration_date":{"type":"string","description":"Expiration date for the token.","description_kind":"plain","optional":true},"id":{"type":"string","description":"Unique token identifier with format `\u003cuser_id\u003e!\u003ctoken_name\u003e`.","description_kind":"plain","computed":true},"privileges_separation":{"type":"bool","description":"Restrict API token privileges with separate ACLs (default), or give full privileges of corresponding user.","description_kind":"markdown","optional":true,"computed":true},"token_name":{"type":"string","description":"User-specific token identifier.","description_kind":"plain","required":true},"user_id":{"type":"string","description":"User identifier.","description_kind":"plain","required":true},"value":{"type":"string","description":"API token value used for authentication. It is populated only when creating a new token, and can't be retrieved at import.","description_kind":"markdown","computed":true,"sensitive":true}},"description":"User API tokens.","description_kind":"plain"}},"proxmox_virtual_environment_vm":{"version":0,"block":{"attributes":{"acpi":{"type":"bool","description":"Whether to enable ACPI","description_kind":"plain","optional":true},"bios":{"type":"string","description":"The BIOS implementation","description_kind":"plain","optional":true},"boot_order":{"type":["list","string"],"description":"The guest will attempt to boot from devices in the order they appear here","description_kind":"plain","optional":true},"description":{"type":"string","description":"The description","description_kind":"plain","optional":true},"hook_script_file_id":{"type":"string","description":"A hook script","description_kind":"plain","optional":true},"id":{"type":"string","description_kind":"plain","optional":true,"computed":true},"ipv4_addresses":{"type":["list",["list","string"]],"description":"The IPv4 addresses published by the QEMU agent","description_kind":"plain","computed":true},"ipv6_addresses":{"type":["list",["list","string"]],"description":"The IPv6 addresses published by the QEMU agent","description_kind":"plain","computed":true},"keyboard_layout":{"type":"string","description":"The keyboard layout","description_kind":"plain","optional":true},"kvm_arguments":{"type":"string","description":"The args implementation","description_kind":"plain","optional":true},"mac_addresses":{"type":["list","string"],"description":"The MAC addresses for the network interfaces","description_kind":"plain","optional":true,"computed":true},"machine":{"type":"string","description":"The VM machine type, either default `pc` or `q35`","description_kind":"plain","optional":true},"migrate":{"type":"bool","description":"Whether to migrate the VM on node change instead of re-creating it","description_kind":"plain","optional":true},"name":{"type":"string","description":"The name","description_kind":"plain","optional":true},"network_interface_names":{"type":["list","string"],"description":"The network interface names published by the QEMU agent","description_kind":"plain","computed":true},"node_name":{"type":"string","description":"The node name","description_kind":"plain","required":true},"on_boot":{"type":"bool","description":"Start VM on Node boot","description_kind":"plain","optional":true},"pool_id":{"type":"string","description":"The ID of the pool to assign the virtual machine to","description_kind":"plain","optional":true},"protection":{"type":"bool","description":"Sets the protection flag of the VM. This will disable the remove VM and remove disk operations","description_kind":"plain","optional":true},"reboot":{"type":"bool","description":"Whether to reboot vm after creation","description_kind":"plain","optional":true},"scsi_hardware":{"type":"string","description":"The SCSI hardware type","description_kind":"plain","optional":true},"started":{"type":"bool","description":"Whether to start the virtual machine","description_kind":"plain","optional":true},"stop_on_destroy":{"type":"bool","description":"Whether to stop rather than shutdown on VM destroy","description_kind":"plain","optional":true},"tablet_device":{"type":"bool","description":"Whether to enable the USB tablet device","description_kind":"plain","optional":true},"tags":{"type":["list","string"],"description":"Tags of the virtual machine. This is only meta information.","description_kind":"plain","optional":true},"template":{"type":"bool","description":"Whether to create a template","description_kind":"plain","optional":true},"timeout_clone":{"type":"number","description":"Clone VM timeout","description_kind":"plain","optional":true},"timeout_create":{"type":"number","description":"Create VM timeout","description_kind":"plain","optional":true},"timeout_migrate":{"type":"number","description":"Migrate VM timeout","description_kind":"plain","optional":true},"timeout_move_disk":{"type":"number","description":"MoveDisk timeout","description_kind":"plain","deprecated":true,"optional":true},"timeout_reboot":{"type":"number","description":"Reboot timeout","description_kind":"plain","optional":true},"timeout_shutdown_vm":{"type":"number","description":"Shutdown timeout","description_kind":"plain","optional":true},"timeout_start_vm":{"type":"number","description":"Start VM timeout","description_kind":"plain","optional":true},"timeout_stop_vm":{"type":"number","description":"Stop VM timeout","description_kind":"plain","optional":true},"vm_id":{"type":"number","description":"The VM identifier","description_kind":"plain","optional":true,"computed":true}},"block_types":{"agent":{"nesting_mode":"list","block":{"attributes":{"enabled":{"type":"bool","description":"Whether to enable the QEMU agent","description_kind":"plain","optional":true},"timeout":{"type":"string","description":"The maximum amount of time to wait for data from the QEMU agent to become available","description_kind":"plain","optional":true},"trim":{"type":"bool","description":"Whether to enable the FSTRIM feature in the QEMU agent","description_kind":"plain","optional":true},"type":{"type":"string","description":"The QEMU agent interface type","description_kind":"plain","optional":true}},"description":"The QEMU agent configuration","description_kind":"plain"},"max_items":1},"audio_device":{"nesting_mode":"list","block":{"attributes":{"device":{"type":"string","description":"The device","description_kind":"plain","optional":true},"driver":{"type":"string","description":"The driver","description_kind":"plain","optional":true},"enabled":{"type":"bool","description":"Whether to enable the audio device","description_kind":"plain","optional":true}},"description":"The audio devices","description_kind":"plain"},"max_items":1},"cdrom":{"nesting_mode":"list","block":{"attributes":{"enabled":{"type":"bool","description":"Whether to enable the CDROM drive","description_kind":"plain","optional":true},"file_id":{"type":"string","description":"The file id","description_kind":"plain","optional":true},"interface":{"type":"string","description":"The CDROM interface","description_kind":"plain","optional":true}},"description":"The CDROM drive","description_kind":"plain"},"max_items":1},"clone":{"nesting_mode":"list","block":{"attributes":{"datastore_id":{"type":"string","description":"The ID of the target datastore","description_kind":"plain","optional":true},"full":{"type":"bool","description":"The Clone Type, create a Full Clone (true) or a linked Clone (false)","description_kind":"plain","optional":true},"node_name":{"type":"string","description":"The name of the source node","description_kind":"plain","optional":true},"retries":{"type":"number","description":"The number of Retries to create a clone","description_kind":"plain","optional":true},"vm_id":{"type":"number","description":"The ID of the source VM","description_kind":"plain","required":true}},"description":"The cloning configuration","description_kind":"plain"},"max_items":1},"cpu":{"nesting_mode":"list","block":{"attributes":{"affinity":{"type":"string","description":"The CPU affinity","description_kind":"plain","optional":true},"architecture":{"type":"string","description":"The CPU architecture","description_kind":"plain","optional":true},"cores":{"type":"number","description":"The number of CPU cores","description_kind":"plain","optional":true},"flags":{"type":["list","string"],"description":"The CPU flags","description_kind":"plain","optional":true},"hotplugged":{"type":"number","description":"The number of hotplugged vCPUs","description_kind":"plain","optional":true},"limit":{"type":"number","description":"Limit of CPU usage","description_kind":"plain","optional":true},"numa":{"type":"bool","description":"Enable/disable NUMA.","description_kind":"plain","optional":true},"sockets":{"type":"number","description":"The number of CPU sockets","description_kind":"plain","optional":true},"type":{"type":"string","description":"The emulated CPU type","description_kind":"plain","optional":true},"units":{"type":"number","description":"The CPU units","description_kind":"plain","optional":true}},"description":"The CPU allocation","description_kind":"plain"},"max_items":1},"disk":{"nesting_mode":"list","block":{"attributes":{"aio":{"type":"string","description":"The disk AIO mode","description_kind":"plain","optional":true},"backup":{"type":"bool","description":"Whether the drive should be included when making backups","description_kind":"plain","optional":true},"cache":{"type":"string","description":"The drive’s cache mode","description_kind":"plain","optional":true},"datastore_id":{"type":"string","description":"The datastore id","description_kind":"plain","optional":true},"discard":{"type":"string","description":"Whether to pass discard/trim requests to the underlying storage.","description_kind":"plain","optional":true},"file_format":{"type":"string","description":"The file format","description_kind":"plain","optional":true,"computed":true},"file_id":{"type":"string","description":"The file id for a disk image","description_kind":"plain","optional":true},"interface":{"type":"string","description":"The datastore name","description_kind":"plain","required":true},"iothread":{"type":"bool","description":"Whether to use iothreads for this disk drive","description_kind":"plain","optional":true},"path_in_datastore":{"type":"string","description":"The in-datastore path to disk image","description_kind":"plain","optional":true,"computed":true},"replicate":{"type":"bool","description":"Whether the drive should be considered for replication jobs","description_kind":"plain","optional":true},"serial":{"type":"string","description":"The drive’s reported serial number","description_kind":"plain","optional":true},"size":{"type":"number","description":"The disk size in gigabytes","description_kind":"plain","optional":true},"ssd":{"type":"bool","description":"Whether to use ssd for this disk drive","description_kind":"plain","optional":true}},"block_types":{"speed":{"nesting_mode":"list","block":{"attributes":{"iops_read":{"type":"number","description":"The maximum read I/O in operations per second","description_kind":"plain","optional":true},"iops_read_burstable":{"type":"number","description":"The maximum unthrottled read I/O pool in operations per second","description_kind":"plain","optional":true},"iops_write":{"type":"number","description":"The maximum write I/O in operations per second","description_kind":"plain","optional":true},"iops_write_burstable":{"type":"number","description":"The maximum unthrottled write I/O pool in operations per second","description_kind":"plain","optional":true},"read":{"type":"number","description":"The maximum read speed in megabytes per second","description_kind":"plain","optional":true},"read_burstable":{"type":"number","description":"The maximum burstable read speed in megabytes per second","description_kind":"plain","optional":true},"write":{"type":"number","description":"The maximum write speed in megabytes per second","description_kind":"plain","optional":true},"write_burstable":{"type":"number","description":"The maximum burstable write speed in megabytes per second","description_kind":"plain","optional":true}},"description":"The speed limits","description_kind":"plain"},"max_items":1}},"description":"The disk devices","description_kind":"plain"},"max_items":14},"efi_disk":{"nesting_mode":"list","block":{"attributes":{"datastore_id":{"type":"string","description":"The datastore id","description_kind":"plain","optional":true},"file_format":{"type":"string","description":"The file format","description_kind":"plain","optional":true,"computed":true},"pre_enrolled_keys":{"type":"bool","description":"Use an EFI vars template with distribution-specific and Microsoft Standard keys enrolled, if used with efi type=`4m`.","description_kind":"plain","optional":true},"type":{"type":"string","description":"Size and type of the OVMF EFI disk","description_kind":"plain","optional":true}},"description":"The efidisk device","description_kind":"plain"},"max_items":1},"hostpci":{"nesting_mode":"list","block":{"attributes":{"device":{"type":"string","description":"The PCI device name for Proxmox, in form of 'hostpciX' where X is a sequential number from 0 to 3","description_kind":"plain","required":true},"id":{"type":"string","description":"The PCI ID of the device, for example 0000:00:1f.0 (or 0000:00:1f.0;0000:00:1f.1 for multiple device functions, or 0000:00:1f for all functions). Use either this or mapping.","description_kind":"plain","optional":true},"mapping":{"type":"string","description":"The resource mapping name of the device, for example gpu. Use either this or id.","description_kind":"plain","optional":true},"mdev":{"type":"string","description":"The the mediated device to use","description_kind":"plain","optional":true},"pcie":{"type":"bool","description":"Tells Proxmox VE to use a PCIe or PCI port. Some guests/device combination require PCIe rather than PCI. PCIe is only available for q35 machine types.","description_kind":"plain","optional":true},"rom_file":{"type":"string","description":"A path to a ROM file for the device to use. This is a relative path under /usr/share/kvm/","description_kind":"plain","optional":true},"rombar":{"type":"bool","description":"Makes the firmware ROM visible for the guest. Default is true","description_kind":"plain","optional":true},"xvga":{"type":"bool","description":"Marks the PCI(e) device as the primary GPU of the VM. With this enabled, the vga configuration argument will be ignored.","description_kind":"plain","optional":true}},"description":"The Host PCI devices mapped to the VM","description_kind":"plain"},"max_items":16},"initialization":{"nesting_mode":"list","block":{"attributes":{"datastore_id":{"type":"string","description":"The datastore id","description_kind":"plain","optional":true},"interface":{"type":"string","description":"The IDE interface on which the CloudInit drive will be added","description_kind":"plain","optional":true},"meta_data_file_id":{"type":"string","description":"The ID of a file containing meta data config","description_kind":"plain","optional":true},"network_data_file_id":{"type":"string","description":"The ID of a file containing network config","description_kind":"plain","optional":true},"type":{"type":"string","description":"The cloud-init configuration format","description_kind":"plain","optional":true},"upgrade":{"type":"bool","description":"Whether to do an automatic package upgrade after the first boot","description_kind":"plain","deprecated":true,"optional":true,"computed":true},"user_data_file_id":{"type":"string","description":"The ID of a file containing custom user data","description_kind":"plain","optional":true},"vendor_data_file_id":{"type":"string","description":"The ID of a file containing vendor data","description_kind":"plain","optional":true}},"block_types":{"dns":{"nesting_mode":"list","block":{"attributes":{"domain":{"type":"string","description":"The DNS search domain","description_kind":"plain","optional":true},"server":{"type":"string","description":"The DNS server","description_kind":"plain","deprecated":true,"optional":true},"servers":{"type":["list","string"],"description":"The list of DNS servers","description_kind":"plain","optional":true}},"description":"The DNS configuration","description_kind":"plain"},"max_items":1},"ip_config":{"nesting_mode":"list","block":{"block_types":{"ipv4":{"nesting_mode":"list","block":{"attributes":{"address":{"type":"string","description":"The IPv4 address","description_kind":"plain","optional":true},"gateway":{"type":"string","description":"The IPv4 gateway","description_kind":"plain","optional":true}},"description":"The IPv4 configuration","description_kind":"plain"},"max_items":1},"ipv6":{"nesting_mode":"list","block":{"attributes":{"address":{"type":"string","description":"The IPv6 address","description_kind":"plain","optional":true},"gateway":{"type":"string","description":"The IPv6 gateway","description_kind":"plain","optional":true}},"description":"The IPv6 configuration","description_kind":"plain"},"max_items":1}},"description":"The IP configuration","description_kind":"plain"},"max_items":8},"user_account":{"nesting_mode":"list","block":{"attributes":{"keys":{"type":["list","string"],"description":"The SSH keys","description_kind":"plain","optional":true},"password":{"type":"string","description":"The SSH password","description_kind":"plain","optional":true,"sensitive":true},"username":{"type":"string","description":"The SSH username","description_kind":"plain","optional":true}},"description":"The user account configuration","description_kind":"plain"},"max_items":1}},"description":"The cloud-init configuration","description_kind":"plain"},"max_items":1},"memory":{"nesting_mode":"list","block":{"attributes":{"dedicated":{"type":"number","description":"The dedicated memory in megabytes","description_kind":"plain","optional":true},"floating":{"type":"number","description":"The floating memory in megabytes (balloon)","description_kind":"plain","optional":true},"hugepages":{"type":"string","description":"Enable/disable hugepages memory","description_kind":"plain","optional":true},"keep_hugepages":{"type":"bool","description":"Hugepages will not be deleted after VM shutdown and can be used for subsequent starts","description_kind":"plain","optional":true},"shared":{"type":"number","description":"The shared memory in megabytes","description_kind":"plain","optional":true}},"description":"The memory allocation","description_kind":"plain"},"max_items":1},"network_device":{"nesting_mode":"list","block":{"attributes":{"bridge":{"type":"string","description":"The bridge","description_kind":"plain","optional":true},"disconnected":{"type":"bool","description":"Whether the network device should be disconnected from the network","description_kind":"plain","optional":true},"enabled":{"type":"bool","description":"Whether to enable the network device","description_kind":"plain","optional":true},"firewall":{"type":"bool","description":"Whether this interface's firewall rules should be used","description_kind":"plain","optional":true},"mac_address":{"type":"string","description":"The MAC address","description_kind":"plain","optional":true,"computed":true},"model":{"type":"string","description":"The model","description_kind":"plain","optional":true},"mtu":{"type":"number","description":"Maximum transmission unit (MTU)","description_kind":"plain","optional":true},"queues":{"type":"number","description":"Number of packet queues to be used on the device","description_kind":"plain","optional":true},"rate_limit":{"type":"number","description":"The rate limit in megabytes per second","description_kind":"plain","optional":true},"trunks":{"type":"string","description":"List of VLAN trunks for the network interface","description_kind":"plain","optional":true},"vlan_id":{"type":"number","description":"The VLAN identifier","description_kind":"plain","optional":true}},"description":"The network devices","description_kind":"plain"},"max_items":32},"numa":{"nesting_mode":"list","block":{"attributes":{"cpus":{"type":"string","description":"CPUs accessing this NUMA node","description_kind":"plain","required":true},"device":{"type":"string","description":"Numa node device ID","description_kind":"plain","required":true},"hostnodes":{"type":"string","description":"Host NUMA nodes to use","description_kind":"plain","optional":true},"memory":{"type":"number","description":"Amount of memory this NUMA node provides","description_kind":"plain","required":true},"policy":{"type":"string","description":"NUMA policy","description_kind":"plain","optional":true}},"description":"The NUMA topology","description_kind":"plain"}},"operating_system":{"nesting_mode":"list","block":{"attributes":{"type":{"type":"string","description":"The type","description_kind":"plain","optional":true}},"description":"The operating system configuration","description_kind":"plain"},"max_items":1},"serial_device":{"nesting_mode":"list","block":{"attributes":{"device":{"type":"string","description":"The device","description_kind":"plain","optional":true}},"description":"The serial devices","description_kind":"plain"},"max_items":4},"smbios":{"nesting_mode":"list","block":{"attributes":{"family":{"type":"string","description":"Sets SMBIOS family string","description_kind":"plain","optional":true},"manufacturer":{"type":"string","description":"Sets SMBIOS manufacturer","description_kind":"plain","optional":true},"product":{"type":"string","description":"Sets SMBIOS product ID","description_kind":"plain","optional":true},"serial":{"type":"string","description":"Sets SMBIOS serial number","description_kind":"plain","optional":true},"sku":{"type":"string","description":"Sets SMBIOS SKU","description_kind":"plain","optional":true},"uuid":{"type":"string","description":"Sets SMBIOS UUID","description_kind":"plain","optional":true,"computed":true},"version":{"type":"string","description":"Sets SMBIOS version","description_kind":"plain","optional":true}},"description":"Specifies SMBIOS (type1) settings for the VM","description_kind":"plain"},"max_items":1},"startup":{"nesting_mode":"list","block":{"attributes":{"down_delay":{"type":"number","description":"A non-negative number defining the delay in seconds before the next VM is shut down","description_kind":"plain","optional":true},"order":{"type":"number","description":"A non-negative number defining the general startup order","description_kind":"plain","optional":true},"up_delay":{"type":"number","description":"A non-negative number defining the delay in seconds before the next VM is started","description_kind":"plain","optional":true}},"description":"Defines startup and shutdown behavior of the VM","description_kind":"plain"},"max_items":1},"tpm_state":{"nesting_mode":"list","block":{"attributes":{"datastore_id":{"type":"string","description":"Datastore ID","description_kind":"plain","optional":true},"version":{"type":"string","description":"TPM version","description_kind":"plain","optional":true}},"description":"The tpmstate device","description_kind":"plain"},"max_items":1},"usb":{"nesting_mode":"list","block":{"attributes":{"host":{"type":"string","description":"The USB device ID for Proxmox, in form of '\u003cMANUFACTURER\u003e:\u003cID\u003e'","description_kind":"plain","optional":true},"mapping":{"type":"string","description":"The resource mapping name of the device, for example usbdisk. Use either this or id.","description_kind":"plain","optional":true},"usb3":{"type":"bool","description":"Makes the USB device a USB3 device for the machine. Default is false","description_kind":"plain","optional":true}},"description":"The Host USB devices mapped to the VM","description_kind":"plain"}},"vga":{"nesting_mode":"list","block":{"attributes":{"clipboard":{"type":"string","description":"Enable clipboard support. Set to `vnc` to enable clipboard support for VNC.","description_kind":"plain","optional":true},"memory":{"type":"number","description":"The VGA memory in megabytes (4-512 MB)","description_kind":"plain","optional":true},"type":{"type":"string","description":"The VGA type","description_kind":"plain","optional":true}},"description":"The VGA configuration","description_kind":"plain"},"max_items":1},"watchdog":{"nesting_mode":"list","block":{"attributes":{"action":{"type":"string","description":"The watchdog action","description_kind":"plain","optional":true},"enabled":{"type":"bool","description":"Whether the watchdog is enabled","description_kind":"plain","optional":true},"model":{"type":"string","description":"The watchdog model","description_kind":"plain","optional":true}},"description":"The watchdog configuration","description_kind":"plain"},"max_items":1}},"description_kind":"plain"}},"proxmox_virtual_environment_vm2":{"version":0,"block":{"attributes":{"cdrom":{"nested_type":{"attributes":{"file_id":{"type":"string","description":"The file ID of the CD-ROM, or `cdrom|none`. Defaults to `none` to leave the CD-ROM empty. Use `cdrom` to connect to the physical drive.","description_kind":"markdown","optional":true,"computed":true}},"nesting_mode":"map"},"description":"The CD-ROM configuration. The key is the interface of the CD-ROM, could be one of `ideN`, `sataN`, `scsiN`, where N is the index of the interface. Note that `q35` machine type only supports `ide0` and `ide2` of IDE interfaces.","description_kind":"markdown","optional":true,"computed":true},"clone":{"nested_type":{"attributes":{"id":{"type":"number","description":"The ID of the VM to clone.","description_kind":"plain","required":true},"retries":{"type":"number","description":"The number of retries to perform when cloning the VM (default: 3).","description_kind":"plain","optional":true,"computed":true}},"nesting_mode":"single"},"description":"The cloning configuration.","description_kind":"plain","optional":true},"cpu":{"nested_type":{"attributes":{"affinity":{"type":"string","description":"The CPU cores that are used to run the VM’s vCPU. The value is a list of CPU IDs, separated by commas. The CPU IDs are zero-based.  For example, `0,1,2,3` (which also can be shortened to `0-3`) means that the VM’s vCPUs are run on the first four CPU cores. Setting `affinity` is only allowed for `root@pam` authenticated user.","description_kind":"markdown","optional":true,"computed":true},"architecture":{"type":"string","description":"The CPU architecture `\u003caarch64 | x86_64\u003e` (defaults to the host). Setting `affinity` is only allowed for `root@pam` authenticated user.","description_kind":"markdown","optional":true,"computed":true},"cores":{"type":"number","description":"The number of CPU cores per socket (defaults to `1`).","description_kind":"markdown","optional":true,"computed":true},"flags":{"type":["set","string"],"description":"Set of additional CPU flags. Use `+FLAG` to enable, `-FLAG` to disable a flag. Custom CPU models can specify any flag supported by QEMU/KVM, VM-specific flags must be from the following set for security reasons: `pcid`, `spec-ctrl`, `ibpb`, `ssbd`, `virt-ssbd`, `amd-ssbd`, `amd-no-ssb`, `pdpe1gb`, `md-clear`, `hv-tlbflush`, `hv-evmcs`, `aes`.","description_kind":"markdown","optional":true,"computed":true},"hotplugged":{"type":"number","description":"The number of hotplugged vCPUs (defaults to `0`).","description_kind":"markdown","optional":true,"computed":true},"limit":{"type":"number","description":"Limit of CPU usage (defaults to `0` which means no limit).","description_kind":"markdown","optional":true,"computed":true},"numa":{"type":"bool","description":"Enable NUMA (defaults to `false`).","description_kind":"markdown","optional":true,"computed":true},"sockets":{"type":"number","description":"The number of CPU sockets (defaults to `1`).","description_kind":"markdown","optional":true,"computed":true},"type":{"type":"string","description":"Emulated CPU type, it's recommended to use `x86-64-v2-AES` or higher (defaults to `kvm64`). See https://pve.proxmox.com/pve-docs/pve-admin-guide.html#qm_virtual_machines_settings for more information.","description_kind":"markdown","optional":true,"computed":true},"units":{"type":"number","description":"CPU weight for a VM. Argument is used in the kernel fair scheduler. The larger the number is, the more CPU time this VM gets. Number is relative to weights of all the other running VMs.","description_kind":"markdown","optional":true,"computed":true}},"nesting_mode":"single"},"description":"The CPU configuration.","description_kind":"plain","optional":true,"computed":true},"description":{"type":"string","description":"The description of the VM.","description_kind":"plain","optional":true},"id":{"type":"number","description":"The unique identifier of the VM in the Proxmox cluster.","description_kind":"plain","optional":true,"computed":true},"name":{"type":"string","description":"The name of the VM. Doesn't have to be unique.","description_kind":"markdown","optional":true},"node_name":{"type":"string","description":"The name of the node where the VM is provisioned.","description_kind":"plain","required":true},"stop_on_destroy":{"type":"bool","description":"Set to true to stop (rather than shutdown) the VM on destroy (defaults to `false`).","description_kind":"markdown","optional":true,"computed":true},"tags":{"type":["set","string"],"description":"The tags assigned to the VM.","description_kind":"plain","optional":true,"computed":true},"template":{"type":"bool","description":"Set to true to create a VM template.","description_kind":"plain","optional":true},"timeouts":{"nested_type":{"attributes":{"create":{"type":"string","description":"A string that can be [parsed as a duration](https://pkg.go.dev/time#ParseDuration) consisting of numbers and unit suffixes, such as \"30s\" or \"2h45m\". Valid time units are \"s\" (seconds), \"m\" (minutes), \"h\" (hours).","description_kind":"plain","optional":true},"delete":{"type":"string","description":"A string that can be [parsed as a duration](https://pkg.go.dev/time#ParseDuration) consisting of numbers and unit suffixes, such as \"30s\" or \"2h45m\". Valid time units are \"s\" (seconds), \"m\" (minutes), \"h\" (hours). Setting a timeout for a Delete operation is only applicable if changes are saved into state before the destroy operation occurs.","description_kind":"plain","optional":true},"read":{"type":"string","description":"A string that can be [parsed as a duration](https://pkg.go.dev/time#ParseDuration) consisting of numbers and unit suffixes, such as \"30s\" or \"2h45m\". Valid time units are \"s\" (seconds), \"m\" (minutes), \"h\" (hours). Read operations occur during any refresh or planning operation when refresh is enabled.","description_kind":"plain","optional":true},"update":{"type":"string","description":"A string that can be [parsed as a duration](https://pkg.go.dev/time#ParseDuration) consisting of numbers and unit suffixes, such as \"30s\" or \"2h45m\". Valid time units are \"s\" (seconds), \"m\" (minutes), \"h\" (hours).","description_kind":"plain","optional":true}},"nesting_mode":"single"},"description_kind":"plain","optional":true},"vga":{"nested_type":{"attributes":{"clipboard":{"type":"string","description":"Enable a specific clipboard. If not set, depending on the display type the SPICE one will be added. Currently only `vnc` is available. Migration with VNC clipboard is not supported by Proxmox.","description_kind":"markdown","optional":true,"computed":true},"memory":{"type":"number","description":"The VGA memory in megabytes (4-512 MB). Has no effect with serial display. ","description_kind":"markdown","optional":true,"computed":true},"type":{"type":"string","description":"The VGA type (defaults to `std`).","description_kind":"markdown","optional":true,"computed":true}},"nesting_mode":"single"},"description":"Configure the VGA Hardware. If you want to use high resolution modes (\u003e= 1280x1024x16) you may need to increase the vga memory option. Since QEMU 2.9 the default VGA display type is `std` for all OS types besides some Windows versions (XP and older) which use `cirrus`. The `qxl` option enables the SPICE display server. For win* OS you can select how many independent displays you want, Linux guests can add displays themself. You can also run without any graphic card, using a serial device as terminal. See the [Proxmox documentation](https://pve.proxmox.com/pve-docs/pve-admin-guide.html#qm_virtual_machines_settings) section 10.2.8 for more information and available configuration parameters.","description_kind":"markdown","optional":true,"computed":true}},"description":"This is an experimental implementation of a Proxmox VM resource using Plugin Framework.\u003cbr\u003e\u003cbr\u003eIt is a Proof of Concept, highly experimental and **will** change in future. It does not support all features of the Proxmox API for VMs and **MUST NOT** be used in production.","description_kind":"markdown"}}},"data_source_schemas":{"proxmox_virtual_environment_acme_account":{"version":0,"block":{"attributes":{"account":{"nested_type":{"attributes":{"contact":{"type":["list","string"],"description":"An array of contact email addresses.","description_kind":"plain","computed":true},"created_at":{"type":"string","description":"The timestamp of the account creation.","description_kind":"plain","computed":true},"status":{"type":"string","description":"The status of the account. Can be one of `valid`, `deactivated` or `revoked`.","description_kind":"markdown","computed":true}},"nesting_mode":"single"},"description":"The ACME account information.","description_kind":"plain","computed":true},"directory":{"type":"string","description":"The directory URL of the ACME account.","description_kind":"plain","computed":true},"location":{"type":"string","description":"The location URL of the ACME account.","description_kind":"plain","computed":true},"name":{"type":"string","description":"The identifier of the ACME account to read.","description_kind":"plain","optional":true},"tos":{"type":"string","description":"The URL of the terms of service of the ACME account.","description_kind":"plain","computed":true}},"description":"Retrieves information about a specific ACME account.","description_kind":"plain"}},"proxmox_virtual_environment_acme_accounts":{"version":0,"block":{"attributes":{"accounts":{"type":["set","string"],"description":"The identifiers of the ACME accounts.","description_kind":"plain","computed":true}},"description":"Retrieves the list of ACME accounts.","description_kind":"plain"}},"proxmox_virtual_environment_acme_plugin":{"version":0,"block":{"attributes":{"api":{"type":"string","description":"API plugin name.","description_kind":"plain","computed":true},"data":{"type":["map","string"],"description":"DNS plugin data.","description_kind":"plain","computed":true},"digest":{"type":"string","description":"Prevent changes if current configuration file has a different digest. This can be used to prevent concurrent modifications.","description_kind":"plain","computed":true},"plugin":{"type":"string","description":"ACME Plugin ID name.","description_kind":"plain","required":true},"type":{"type":"string","description":"ACME challenge type (dns, standalone).","description_kind":"plain","computed":true},"validation_delay":{"type":"number","description":"Extra delay in seconds to wait before requesting validation. Allows to cope with a long TTL of DNS records (0 - 172800).","description_kind":"plain","computed":true}},"description":"Retrieves a single ACME plugin by plugin ID name.","description_kind":"plain"}},"proxmox_virtual_environment_acme_plugins":{"version":0,"block":{"attributes":{"plugins":{"nested_type":{"attributes":{"api":{"type":"string","description":"API plugin name.","description_kind":"plain","computed":true},"data":{"type":["map","string"],"description":"DNS plugin data.","description_kind":"plain","computed":true},"digest":{"type":"string","description":"Prevent changes if current configuration file has a different digest. This can be used to prevent concurrent modifications.","description_kind":"plain","computed":true},"plugin":{"type":"string","description":"ACME Plugin ID name.","description_kind":"plain","computed":true},"type":{"type":"string","description":"ACME challenge type (dns, standalone).","description_kind":"plain","computed":true},"validation_delay":{"type":"number","description":"Extra delay in seconds to wait before requesting validation. Allows to cope with a long TTL of DNS records (0 - 172800).","description_kind":"plain","computed":true}},"nesting_mode":"list"},"description":"List of ACME plugins","description_kind":"plain","computed":true}},"description":"Retrieves the list of ACME plugins.","description_kind":"plain"}},"proxmox_virtual_environment_apt_repository":{"version":0,"block":{"attributes":{"comment":{"type":"string","description":"The associated comment.","description_kind":"plain","computed":true},"components":{"type":["list","string"],"description":"The list of components.","description_kind":"plain","computed":true},"enabled":{"type":"bool","description":"Indicates the activation status.","description_kind":"plain","computed":true},"file_path":{"type":"string","description":"The absolute path of the source list file that contains this repository.","description_kind":"plain","required":true},"file_type":{"type":"string","description":"The format of the defining source list file.","description_kind":"plain","computed":true},"id":{"type":"string","description":"The unique identifier of this APT repository data source.","description_kind":"plain","computed":true},"index":{"type":"number","description":"The index within the defining source list file.","description_kind":"plain","required":true},"node":{"type":"string","description":"The name of the target Proxmox VE node.","description_kind":"plain","required":true},"package_types":{"type":["list","string"],"description":"The list of package types.","description_kind":"plain","computed":true},"suites":{"type":["list","string"],"description":"The list of package distributions.","description_kind":"plain","computed":true},"uris":{"type":["list","string"],"description":"The list of repository URIs.","description_kind":"plain","computed":true}},"description":"Retrieves an APT repository from a Proxmox VE cluster.","description_kind":"plain"}},"proxmox_virtual_environment_apt_standard_repository":{"version":0,"block":{"attributes":{"description":{"type":"string","description":"The description of the APT standard repository.","description_kind":"plain","computed":true},"file_path":{"type":"string","description":"The absolute path of the source list file that contains this standard repository.","description_kind":"plain","computed":true},"handle":{"type":"string","description":"The handle of the APT standard repository.","description_kind":"plain","required":true},"id":{"type":"string","description":"The unique identifier of this APT standard repository data source.","description_kind":"plain","computed":true},"index":{"type":"number","description":"The index within the defining source list file.","description_kind":"plain","computed":true},"name":{"type":"string","description":"The name of the APT standard repository.","description_kind":"plain","computed":true},"node":{"type":"string","description":"The name of the target Proxmox VE node.","description_kind":"plain","required":true},"status":{"type":"number","description":"Indicates the activation status.","description_kind":"plain","computed":true}},"description":"Retrieves an APT standard repository from a Proxmox VE cluster.","description_kind":"plain"}},"proxmox_virtual_environment_datastores":{"version":0,"block":{"attributes":{"active":{"type":["list","bool"],"description":"Whether a datastore is active","description_kind":"plain","computed":true},"content_types":{"type":["list",["list","string"]],"description":"The allowed content types","description_kind":"plain","computed":true},"datastore_ids":{"type":["list","string"],"description":"The datastore id","description_kind":"plain","computed":true},"enabled":{"type":["list","bool"],"description":"Whether a datastore is enabled","description_kind":"plain","computed":true},"id":{"type":"string","description_kind":"plain","optional":true,"computed":true},"node_name":{"type":"string","description":"The node name","description_kind":"plain","required":true},"shared":{"type":["list","bool"],"description":"Whether a datastore is shared","description_kind":"plain","computed":true},"space_available":{"type":["list","number"],"description":"The available space in bytes","description_kind":"plain","computed":true},"space_total":{"type":["list","number"],"description":"The total space in bytes","description_kind":"plain","computed":true},"space_used":{"type":["list","number"],"description":"The used space in bytes","description_kind":"plain","computed":true},"types":{"type":["list","string"],"description":"The storage type","description_kind":"plain","computed":true}},"description_kind":"plain"}},"proxmox_virtual_environment_dns":{"version":0,"block":{"attributes":{"domain":{"type":"string","description":"The DNS search domain","description_kind":"plain","computed":true},"id":{"type":"string","description_kind":"plain","optional":true,"computed":true},"node_name":{"type":"string","description":"The node name","description_kind":"plain","required":true},"servers":{"type":["list","string"],"description":"The DNS servers","description_kind":"plain","computed":true}},"description_kind":"plain"}},"proxmox_virtual_environment_group":{"version":0,"block":{"attributes":{"acl":{"type":["set",["object",{"path":"string","propagate":"bool","role_id":"string"}]],"description":"The access control list","description_kind":"plain","computed":true},"comment":{"type":"string","description":"The group comment","description_kind":"plain","computed":true},"group_id":{"type":"string","description":"The group id","description_kind":"plain","required":true},"id":{"type":"string","description_kind":"plain","optional":true,"computed":true},"members":{"type":["set","string"],"description":"The group members","description_kind":"plain","computed":true}},"description_kind":"plain"}},"proxmox_virtual_environment_groups":{"version":0,"block":{"attributes":{"comments":{"type":["list","string"],"description":"The group comments","description_kind":"plain","computed":true},"group_ids":{"type":["list","string"],"description":"The group ids","description_kind":"plain","computed":true},"id":{"type":"string","description_kind":"plain","optional":true,"computed":true}},"description_kind":"plain"}},"proxmox_virtual_environment_hagroup":{"version":0,"block":{"attributes":{"comment":{"type":"string","description":"The comment associated with this group","description_kind":"plain","computed":true},"group":{"type":"string","description":"The identifier of the High Availability group to read.","description_kind":"plain","required":true},"id":{"type":"string","description":"The unique identifier of this resource.","description_kind":"plain","computed":true},"no_failback":{"type":"bool","description":"A flag that indicates that failing back to a higher priority node is disabled for this HA group.","description_kind":"plain","computed":true},"nodes":{"type":["map","number"],"description":"The member nodes for this group. They are provided as a map, where the keys are the node names and the values represent their priority: integers for known priorities or `null` for unset priorities.","description_kind":"plain","computed":true},"restricted":{"type":"bool","description":"A flag that indicates that other nodes may not be used to run resources associated to this HA group.","description_kind":"plain","computed":true}},"description":"Retrieves information about a specific High Availability group.","description_kind":"plain"}},"proxmox_virtual_environment_hagroups":{"version":0,"block":{"attributes":{"group_ids":{"type":["set","string"],"description":"The identifiers of the High Availability groups.","description_kind":"plain","computed":true},"id":{"type":"string","description":"The unique identifier of this resource.","description_kind":"plain","computed":true}},"description":"Retrieves the list of High Availability groups.","description_kind":"plain"}},"proxmox_virtual_environment_hardware_mapping_pci":{"version":0,"block":{"attributes":{"comment":{"type":"string","description":"The comment of this PCI hardware mapping.","description_kind":"plain","computed":true},"id":{"type":"string","description":"The unique identifier of this PCI hardware mapping data source.","description_kind":"plain","computed":true},"map":{"nested_type":{"attributes":{"comment":{"type":"string","description":"The comment of the mapped PCI device.","description_kind":"plain","computed":true},"id":{"type":"string","description":"The ID attribute of the map.","description_kind":"plain","computed":true},"iommu_group":{"type":"number","description":"The IOMMU group attribute of the map.","description_kind":"plain","computed":true},"node":{"type":"string","description":"The node name attribute of the map.","description_kind":"plain","computed":true},"path":{"type":"string","description":"The path attribute of the map.","description_kind":"plain","computed":true},"subsystem_id":{"type":"string","description":"The subsystem ID attribute of the map.Not mandatory for the Proxmox VE API call, but causes a PCI hardware mapping to be incomplete when not set.","description_kind":"plain","computed":true}},"nesting_mode":"set"},"description":"The actual map of devices for the hardware mapping.","description_kind":"plain","computed":true},"mediated_devices":{"type":"bool","description":"Indicates whether to use with mediated devices.","description_kind":"plain","computed":true},"name":{"type":"string","description":"The name of this PCI hardware mapping.","description_kind":"plain","required":true}},"description":"Retrieves a PCI hardware mapping from a Proxmox VE cluster.","description_kind":"plain"}},"proxmox_virtual_environment_hardware_mapping_usb":{"version":0,"block":{"attributes":{"comment":{"type":"string","description":"The comment of this USB hardware mapping.","description_kind":"plain","computed":true},"id":{"type":"string","description":"The unique identifier of this USB hardware mapping data source.","description_kind":"plain","computed":true},"map":{"nested_type":{"attributes":{"comment":{"type":"string","description":"The comment of the mapped USB device.","description_kind":"plain","computed":true},"id":{"type":"string","description":"The ID attribute of the map.","description_kind":"plain","computed":true},"node":{"type":"string","description":"The node name attribute of the map.","description_kind":"plain","computed":true},"path":{"type":"string","description":"The path attribute of the map.","description_kind":"plain","computed":true}},"nesting_mode":"set"},"description":"The actual map of devices for the hardware mapping.","description_kind":"plain","computed":true},"name":{"type":"string","description":"The name of this USB hardware mapping.","description_kind":"plain","required":true}},"description":"Retrieves a USB hardware mapping from a Proxmox VE cluster.","description_kind":"plain"}},"proxmox_virtual_environment_hardware_mappings":{"version":0,"block":{"attributes":{"check_node":{"type":"string","description":"The name of the node whose configurations should be checked for correctness.","description_kind":"plain","optional":true},"checks":{"nested_type":{"attributes":{"mapping_id":{"type":"string","description":"The corresponding hardware mapping ID of the node check diagnostic entry.","description_kind":"plain","computed":true},"message":{"type":"string","description":"The message of the node check diagnostic entry.","description_kind":"plain","computed":true},"severity":{"type":"string","description":"The severity of the node check diagnostic entry.","description_kind":"plain","computed":true}},"nesting_mode":"list"},"description":"Might contain relevant diagnostics about incorrect configurations.","description_kind":"plain","computed":true},"id":{"type":"string","description":"The unique identifier of this hardware mappings data source.","description_kind":"plain","computed":true},"ids":{"type":["set","string"],"description":"The identifiers of the hardware mappings.","description_kind":"plain","computed":true},"type":{"type":"string","description":"The type of the hardware mappings.","description_kind":"plain","required":true}},"description":"Retrieves a list of hardware mapping resources.","description_kind":"plain"}},"proxmox_virtual_environment_haresource":{"version":0,"block":{"attributes":{"comment":{"type":"string","description":"The comment associated with this resource.","description_kind":"plain","computed":true},"group":{"type":"string","description":"The identifier of the High Availability group this resource is a member of.","description_kind":"plain","computed":true},"id":{"type":"string","description":"The unique identifier of this resource.","description_kind":"plain","computed":true},"max_relocate":{"type":"number","description":"The maximal number of relocation attempts.","description_kind":"plain","computed":true},"max_restart":{"type":"number","description":"The maximal number of restart attempts.","description_kind":"plain","computed":true},"resource_id":{"type":"string","description":"The identifier of the Proxmox HA resource to read.","description_kind":"plain","required":true},"state":{"type":"string","description":"The desired state of the resource.","description_kind":"plain","computed":true},"type":{"type":"string","description":"The type of High Availability resource (`vm` or `ct`).","description_kind":"plain","computed":true}},"description":"Retrieves the list of High Availability resources.","description_kind":"plain"}},"proxmox_virtual_environment_haresources":{"version":0,"block":{"attributes":{"id":{"type":"string","description":"The unique identifier of this resource.","description_kind":"plain","computed":true},"resource_ids":{"type":["set","string"],"description":"The identifiers of the High Availability resources.","description_kind":"plain","computed":true},"type":{"type":"string","description":"The type of High Availability resources to fetch (`vm` or `ct`). All resources will be fetched if this option is unset.","description_kind":"plain","optional":true}},"description":"Retrieves the list of High Availability resources.","description_kind":"plain"}},"proxmox_virtual_environment_hosts":{"version":0,"block":{"attributes":{"addresses":{"type":["list","string"],"description":"The addresses","description_kind":"plain","computed":true},"digest":{"type":"string","description":"The SHA1 digest","description_kind":"plain","computed":true},"entries":{"type":["list",["object",{"address":"string","hostnames":["list","string"]}]],"description":"The host entries","description_kind":"plain","computed":true},"hostnames":{"type":["list",["list","string"]],"description":"The hostnames","description_kind":"plain","computed":true},"id":{"type":"string","description_kind":"plain","optional":true,"computed":true},"node_name":{"type":"string","description":"The node name","description_kind":"plain","required":true}},"description_kind":"plain"}},"proxmox_virtual_environment_node":{"version":0,"block":{"attributes":{"cpu_count":{"type":"number","description":"The CPU count on the node","description_kind":"plain","computed":true},"cpu_model":{"type":"string","description":"The CPU model on the node","description_kind":"plain","computed":true},"cpu_sockets":{"type":"number","description":"The CPU sockets on the node","description_kind":"plain","computed":true},"id":{"type":"string","description_kind":"plain","optional":true,"computed":true},"memory_available":{"type":"number","description":"The available memory in bytes on the node","description_kind":"plain","computed":true},"memory_total":{"type":"number","description":"The total memory in bytes on the node","description_kind":"plain","computed":true},"memory_used":{"type":"number","description":"The used memory in bytes on the node","description_kind":"plain","computed":true},"node_name":{"type":"string","description":"The node name","description_kind":"plain","required":true},"uptime":{"type":"number","description":"The uptime in seconds on the node","description_kind":"plain","computed":true}},"description_kind":"plain"}},"proxmox_virtual_environment_nodes":{"version":0,"block":{"attributes":{"cpu_count":{"type":["list","number"],"description":"The CPU count for each node","description_kind":"plain","computed":true},"cpu_utilization":{"type":["list","number"],"description":"The CPU utilization on each node","description_kind":"plain","computed":true},"id":{"type":"string","description_kind":"plain","optional":true,"computed":true},"memory_available":{"type":["list","number"],"description":"The available memory in bytes on each node","description_kind":"plain","computed":true},"memory_used":{"type":["list","number"],"description":"The used memory in bytes on each node","description_kind":"plain","computed":true},"names":{"type":["list","string"],"description":"The node names","description_kind":"plain","computed":true},"online":{"type":["list","bool"],"description":"Whether a node is online","description_kind":"plain","computed":true},"ssl_fingerprints":{"type":["list","string"],"description":"The SSL fingerprint for each node","description_kind":"plain","computed":true},"support_levels":{"type":["list","string"],"description":"The support level for each node","description_kind":"plain","computed":true},"uptime":{"type":["list","number"],"description":"The uptime in seconds for each node","description_kind":"plain","computed":true}},"description_kind":"plain"}},"proxmox_virtual_environment_pool":{"version":0,"block":{"attributes":{"comment":{"type":"string","description":"The pool comment","description_kind":"plain","computed":true},"id":{"type":"string","description_kind":"plain","optional":true,"computed":true},"members":{"type":["list",["object",{"datastore_id":"string","id":"string","node_name":"string","type":"string","vm_id":"number"}]],"description":"The pool members","description_kind":"plain","computed":true},"pool_id":{"type":"string","description":"The pool id","description_kind":"plain","required":true}},"description_kind":"plain"}},"proxmox_virtual_environment_pools":{"version":0,"block":{"attributes":{"id":{"type":"string","description_kind":"plain","optional":true,"computed":true},"pool_ids":{"type":["list","string"],"description":"The pool ids","description_kind":"plain","computed":true}},"description_kind":"plain"}},"proxmox_virtual_environment_role":{"version":0,"block":{"attributes":{"id":{"type":"string","description_kind":"plain","optional":true,"computed":true},"privileges":{"type":["set","string"],"description":"The role privileges","description_kind":"plain","computed":true},"role_id":{"type":"string","description":"The role id","description_kind":"plain","required":true}},"description_kind":"plain"}},"proxmox_virtual_environment_roles":{"version":0,"block":{"attributes":{"id":{"type":"string","description_kind":"plain","optional":true,"computed":true},"privileges":{"type":["list",["set","string"]],"description":"The role privileges","description_kind":"plain","computed":true},"role_ids":{"type":["list","string"],"description":"The role ids","description_kind":"plain","computed":true},"special":{"type":["list","bool"],"description":"Whether the role is special (built-in)","description_kind":"plain","computed":true}},"description_kind":"plain"}},"proxmox_virtual_environment_time":{"version":0,"block":{"attributes":{"id":{"type":"string","description_kind":"plain","optional":true,"computed":true},"local_time":{"type":"string","description":"The local timestamp","description_kind":"plain","computed":true},"node_name":{"type":"string","description":"The node name","description_kind":"plain","required":true},"time_zone":{"type":"string","description":"The time zone","description_kind":"plain","computed":true},"utc_time":{"type":"string","description":"The UTC timestamp","description_kind":"plain","computed":true}},"description_kind":"plain"}},"proxmox_virtual_environment_user":{"version":0,"block":{"attributes":{"acl":{"type":["set",["object",{"path":"string","propagate":"bool","role_id":"string"}]],"description":"The access control list","description_kind":"plain","computed":true},"comment":{"type":"string","description":"The user comment","description_kind":"plain","computed":true},"email":{"type":"string","description":"The user's email address","description_kind":"plain","computed":true},"enabled":{"type":"bool","description":"Whether the user account is enabled","description_kind":"plain","computed":true},"expiration_date":{"type":"string","description":"The user account's expiration date","description_kind":"plain","computed":true},"first_name":{"type":"string","description":"The user's first name","description_kind":"plain","computed":true},"groups":{"type":["list","string"],"description":"The user's groups","description_kind":"plain","computed":true},"id":{"type":"string","description_kind":"plain","optional":true,"computed":true},"keys":{"type":"string","description":"The user's keys","description_kind":"plain","computed":true},"last_name":{"type":"string","description":"The user's last name","description_kind":"plain","computed":true},"user_id":{"type":"string","description":"The user id","description_kind":"plain","required":true}},"description_kind":"plain"}},"proxmox_virtual_environment_users":{"version":0,"block":{"attributes":{"comments":{"type":["list","string"],"description":"The user comments","description_kind":"plain","computed":true},"emails":{"type":["list","string"],"description":"The users' email addresses","description_kind":"plain","computed":true},"enabled":{"type":["list","bool"],"description":"Whether a user account is enabled","description_kind":"plain","computed":true},"expiration_dates":{"type":["list","string"],"description":"The user accounts' expiration dates","description_kind":"plain","computed":true},"first_names":{"type":["list","string"],"description":"The users' first names","description_kind":"plain","computed":true},"groups":{"type":["list",["list","string"]],"description":"The users' groups","description_kind":"plain","computed":true},"id":{"type":"string","description_kind":"plain","optional":true,"computed":true},"keys":{"type":["list","string"],"description":"The users' keys","description_kind":"plain","computed":true},"last_names":{"type":["list","string"],"description":"The users' last names","description_kind":"plain","computed":true},"user_ids":{"type":["list","string"],"description":"The user ids","description_kind":"plain","computed":true}},"description_kind":"plain"}},"proxmox_virtual_environment_version":{"version":0,"block":{"attributes":{"id":{"type":"string","description":"Placeholder identifier attribute.","description_kind":"plain","computed":true},"release":{"type":"string","description":"The current Proxmox VE point release in `x.y` format.","description_kind":"plain","computed":true},"repository_id":{"type":"string","description":"The short git revision from which this version was build.","description_kind":"plain","computed":true},"version":{"type":"string","description":"The full pve-manager package version of this node.","description_kind":"plain","computed":true}},"description":"Retrieves API version details.","description_kind":"plain"}},"proxmox_virtual_environment_vm":{"version":0,"block":{"attributes":{"id":{"type":"string","description_kind":"plain","optional":true,"computed":true},"name":{"type":"string","description":"The VM name","description_kind":"plain","computed":true},"node_name":{"type":"string","description":"The node name","description_kind":"plain","required":true},"status":{"type":"string","description":"Status of the VM","description_kind":"plain","optional":true},"tags":{"type":["list","string"],"description":"Tags of the VM","description_kind":"plain","computed":true},"template":{"type":"bool","description":"Is VM a template (true) or a regular VM (false)","description_kind":"plain","optional":true},"vm_id":{"type":"number","description":"The VM identifier","description_kind":"plain","required":true}},"description_kind":"plain"}},"proxmox_virtual_environment_vm2":{"version":0,"block":{"attributes":{"clone":{"nested_type":{"attributes":{"id":{"type":"number","description":"The ID of the VM to clone.","description_kind":"plain","required":true},"retries":{"type":"number","description":"The number of retries to perform when cloning the VM (default: 3).","description_kind":"plain","optional":true,"computed":true}},"nesting_mode":"single"},"description":"The cloning configuration.","description_kind":"plain","optional":true},"cpu":{"nested_type":{"attributes":{"affinity":{"type":"string","description":"List of host cores used to execute guest processes, for example: '0,5,8-11'","description_kind":"plain","optional":true,"computed":true},"architecture":{"type":"string","description":"The CPU architecture.","description_kind":"plain","optional":true,"computed":true},"cores":{"type":"number","description":"The number of CPU cores per socket.","description_kind":"plain","optional":true,"computed":true},"flags":{"type":["set","string"],"description":"Set of additional CPU flags.","description_kind":"plain","optional":true,"computed":true},"hotplugged":{"type":"number","description":"The number of hotplugged vCPUs.","description_kind":"plain","optional":true,"computed":true},"limit":{"type":"number","description":"Limit of CPU usage.","description_kind":"plain","optional":true,"computed":true},"numa":{"type":"bool","description":"Enable NUMA.","description_kind":"plain","optional":true,"computed":true},"sockets":{"type":"number","description":"The number of CPU sockets.","description_kind":"plain","optional":true,"computed":true},"type":{"type":"string","description":"Emulated CPU type.","description_kind":"plain","optional":true,"computed":true},"units":{"type":"number","description":"CPU weight for a VM","description_kind":"plain","optional":true,"computed":true}},"nesting_mode":"single"},"description":"The CPU configuration.","description_kind":"plain","optional":true,"computed":true},"description":{"type":"string","description":"The description of the VM.","description_kind":"plain","optional":true},"id":{"type":"number","description":"The unique identifier of the VM in the Proxmox cluster.","description_kind":"plain","required":true},"name":{"type":"string","description":"The name of the VM.","description_kind":"plain","optional":true},"node_name":{"type":"string","description":"The name of the node where the VM is provisioned.","description_kind":"plain","required":true},"tags":{"type":["set","string"],"description":"The tags assigned to the VM.","description_kind":"plain","optional":true,"computed":true},"template":{"type":"bool","description":"Whether the VM is a template.","description_kind":"plain","optional":true},"timeouts":{"nested_type":{"attributes":{"read":{"type":"string","description":"A string that can be [parsed as a duration](https://pkg.go.dev/time#ParseDuration) consisting of numbers and unit suffixes, such as \"30s\" or \"2h45m\". Valid time units are \"s\" (seconds), \"m\" (minutes), \"h\" (hours). Read operations occur during any refresh or planning operation when refresh is enabled.","description_kind":"plain","optional":true}},"nesting_mode":"single"},"description_kind":"plain","optional":true},"vga":{"nested_type":{"attributes":{"clipboard":{"type":"string","description":"Enable a specific clipboard.","description_kind":"plain","optional":true,"computed":true},"memory":{"type":"number","description":"The VGA memory in megabytes (4-512 MB). Has no effect with serial display. ","description_kind":"markdown","optional":true,"computed":true},"type":{"type":"string","description":"The VGA type.","description_kind":"plain","optional":true,"computed":true}},"nesting_mode":"single"},"description":"The VGA configuration.","description_kind":"plain","optional":true,"computed":true}},"description":"This is an experimental implementation of a Proxmox VM datasource using Plugin Framework.","description_kind":"plain"}},"proxmox_virtual_environment_vms":{"version":0,"block":{"attributes":{"id":{"type":"string","description_kind":"plain","optional":true,"computed":true},"node_name":{"type":"string","description":"The node name. All cluster nodes will be queried in case this is omitted","description_kind":"plain","optional":true},"tags":{"type":["list","string"],"description":"Tags of the VM to match","description_kind":"plain","optional":true},"vms":{"type":["list",["object",{"name":"string","node_name":"string","status":"string","tags":["list","string"],"template":"bool","vm_id":"number"}]],"description":"VMs","description_kind":"plain","computed":true}},"block_types":{"filter":{"nesting_mode":"list","block":{"attributes":{"name":{"type":"string","description":"Attribute to filter on. One of [name, template, status, node_name]","description_kind":"plain","required":true},"regex":{"type":"bool","description":"Treat values as regex patterns","description_kind":"plain","optional":true},"values":{"type":["list","string"],"description":"List of values to pass the filter (OR logic)","description_kind":"plain","required":true}},"description":"Filter blocks","description_kind":"plain"}}},"description_kind":"plain"}}}}}}
